// !$*UTF8*$!
{
	archiveVersion = 1;
	classes = {
	};
	objectVersion = 70;
	objects = {

/* Begin PBXBuildFile section */
		681DE1072922CFD400D2F7B2 /* SDWebImageSVGCoder in Frameworks */ = {isa = PBXBuildFile; productRef = 681DE1062922CFD400D2F7B2 /* SDWebImageSVGCoder */; };
		6845BD4E24F6824C0008B296 /* CloudKit.framework in Frameworks */ = {isa = PBXBuildFile; fileRef = 6845BD4D24F6824C0008B296 /* CloudKit.framework */; };
		6860694C2831533E000068DE /* Den Web Extension.appex in Embed Foundation Extensions */ = {isa = PBXBuildFile; fileRef = 6860690E2831501B000068DE /* Den Web Extension.appex */; settings = {ATTRIBUTES = (RemoveHeadersOnCopy, ); }; };
		686319932C0DFA5F007C95E7 /* FeedKit in Frameworks */ = {isa = PBXBuildFile; productRef = 686319922C0DFA5F007C95E7 /* FeedKit */; };
		6871CFEA2BE31FDE0039FD3E /* SDWebImageSwiftUI in Frameworks */ = {isa = PBXBuildFile; productRef = 6871CFE92BE31FDE0039FD3E /* SDWebImageSwiftUI */; };
		6897D52626B91C0100833DDA /* HTMLEntities in Frameworks */ = {isa = PBXBuildFile; productRef = 6897D52526B91C0100833DDA /* HTMLEntities */; };
		6897D52C26B91C3C00833DDA /* SwiftSoup in Frameworks */ = {isa = PBXBuildFile; productRef = 6897D52B26B91C3C00833DDA /* SwiftSoup */; };
		68A5A1532BE194B000FEA8D3 /* SwiftSoup in Frameworks */ = {isa = PBXBuildFile; productRef = 68A5A1522BE194B000FEA8D3 /* SwiftSoup */; };
		68A5A1552BE194BF00FEA8D3 /* HTMLEntities in Frameworks */ = {isa = PBXBuildFile; productRef = 68A5A1542BE194BF00FEA8D3 /* HTMLEntities */; };
		68B34A6C24880ADE0066B215 /* AEXML in Frameworks */ = {isa = PBXBuildFile; productRef = 68B34A6B24880ADE0066B215 /* AEXML */; };
		68C9FEB62BFD7173006B8BD6 /* Den Widget Extension.appex in Embed Foundation Extensions */ = {isa = PBXBuildFile; fileRef = 68CC011D2BDF0D9C00E723DC /* Den Widget Extension.appex */; settings = {ATTRIBUTES = (RemoveHeadersOnCopy, ); }; };
		68CC011F2BDF0D9C00E723DC /* WidgetKit.framework in Frameworks */ = {isa = PBXBuildFile; fileRef = 68CC011E2BDF0D9C00E723DC /* WidgetKit.framework */; };
		68CC01212BDF0D9C00E723DC /* SwiftUI.framework in Frameworks */ = {isa = PBXBuildFile; fileRef = 68CC01202BDF0D9C00E723DC /* SwiftUI.framework */; };
		68EBB5912BC3BD1B0014305F /* SDWebImageWebPCoder in Frameworks */ = {isa = PBXBuildFile; productRef = 68EBB5902BC3BD1B0014305F /* SDWebImageWebPCoder */; };
		68EE91EB28D54C66000C00D2 /* SDWebImageSwiftUI in Frameworks */ = {isa = PBXBuildFile; productRef = 68EE91EA28D54C66000C00D2 /* SDWebImageSwiftUI */; };
		68FB95092BE4D263004EFA73 /* CloudKit.framework in Frameworks */ = {isa = PBXBuildFile; fileRef = 6845BD4D24F6824C0008B296 /* CloudKit.framework */; };
		68FB950E2BE6A688004EFA73 /* SDWebImageSVGCoder in Frameworks */ = {isa = PBXBuildFile; productRef = 68FB950D2BE6A688004EFA73 /* SDWebImageSVGCoder */; };
		68FB95102BE6A691004EFA73 /* SDWebImageWebPCoder in Frameworks */ = {isa = PBXBuildFile; productRef = 68FB950F2BE6A691004EFA73 /* SDWebImageWebPCoder */; };
		68FB95132BE7F47E004EFA73 /* FeedKit in Frameworks */ = {isa = PBXBuildFile; productRef = 68FB95122BE7F47E004EFA73 /* FeedKit */; };
/* End PBXBuildFile section */

/* Begin PBXContainerItemProxy section */
		6860694D2831533E000068DE /* PBXContainerItemProxy */ = {
			isa = PBXContainerItemProxy;
			containerPortal = 68C41301247263C700D1DC7B /* Project object */;
			proxyType = 1;
			remoteGlobalIDString = 6860690D2831501B000068DE;
			remoteInfo = SafariExtension;
		};
		68C9FEB72BFD7173006B8BD6 /* PBXContainerItemProxy */ = {
			isa = PBXContainerItemProxy;
			containerPortal = 68C41301247263C700D1DC7B /* Project object */;
			proxyType = 1;
			remoteGlobalIDString = 68CC011C2BDF0D9C00E723DC;
			remoteInfo = "Widget Extension";
		};
		68E83BFF2A6004590014DC64 /* PBXContainerItemProxy */ = {
			isa = PBXContainerItemProxy;
			containerPortal = 68C41301247263C700D1DC7B /* Project object */;
			proxyType = 1;
			remoteGlobalIDString = 68C41308247263C700D1DC7B;
			remoteInfo = Den;
		};
/* End PBXContainerItemProxy section */

/* Begin PBXCopyFilesBuildPhase section */
		6860694F2831533E000068DE /* Embed Foundation Extensions */ = {
			isa = PBXCopyFilesBuildPhase;
			buildActionMask = 2147483647;
			dstPath = "";
			dstSubfolderSpec = 13;
			files = (
				6860694C2831533E000068DE /* Den Web Extension.appex in Embed Foundation Extensions */,
				68C9FEB62BFD7173006B8BD6 /* Den Widget Extension.appex in Embed Foundation Extensions */,
			);
			name = "Embed Foundation Extensions";
			runOnlyForDeploymentPostprocessing = 0;
		};
/* End PBXCopyFilesBuildPhase section */

/* Begin PBXFileReference section */
		6845BD0F24EFB38C0008B296 /* README.md */ = {isa = PBXFileReference; lastKnownFileType = net.daringfireball.markdown; path = README.md; sourceTree = "<group>"; };
		6845BD4D24F6824C0008B296 /* CloudKit.framework */ = {isa = PBXFileReference; lastKnownFileType = wrapper.framework; name = CloudKit.framework; path = System/Library/Frameworks/CloudKit.framework; sourceTree = SDKROOT; };
		6860690E2831501B000068DE /* Den Web Extension.appex */ = {isa = PBXFileReference; explicitFileType = "wrapper.app-extension"; includeInIndex = 0; path = "Den Web Extension.appex"; sourceTree = BUILT_PRODUCTS_DIR; };
		68958DCC2ABF7BD5007B9D9D /* TestData */ = {isa = PBXFileReference; lastKnownFileType = folder; path = TestData; sourceTree = "<group>"; };
		689EDBF8269188580055811A /* .swiftlint.yml */ = {isa = PBXFileReference; lastKnownFileType = text.yaml; path = .swiftlint.yml; sourceTree = "<group>"; };
		68C41309247263C700D1DC7B /* Den.app */ = {isa = PBXFileReference; explicitFileType = wrapper.application; includeInIndex = 0; path = Den.app; sourceTree = BUILT_PRODUCTS_DIR; };
		68CC011D2BDF0D9C00E723DC /* Den Widget Extension.appex */ = {isa = PBXFileReference; explicitFileType = "wrapper.app-extension"; includeInIndex = 0; path = "Den Widget Extension.appex"; sourceTree = BUILT_PRODUCTS_DIR; };
		68CC011E2BDF0D9C00E723DC /* WidgetKit.framework */ = {isa = PBXFileReference; lastKnownFileType = wrapper.framework; name = WidgetKit.framework; path = /System/Library/Frameworks/WidgetKit.framework; sourceTree = "<absolute>"; };
		68CC01202BDF0D9C00E723DC /* SwiftUI.framework */ = {isa = PBXFileReference; lastKnownFileType = wrapper.framework; name = SwiftUI.framework; path = /System/Library/Frameworks/SwiftUI.framework; sourceTree = "<absolute>"; };
		68D286272A634183007AD876 /* .gitignore */ = {isa = PBXFileReference; lastKnownFileType = text; path = .gitignore; sourceTree = "<group>"; };
		68D82FCA2C6EDC6B003B4CD1 /* crowdin.yml */ = {isa = PBXFileReference; lastKnownFileType = text.yaml; path = crowdin.yml; sourceTree = "<group>"; };
		68E83BF92A6004590014DC64 /* UI Tests.xctest */ = {isa = PBXFileReference; explicitFileType = wrapper.cfbundle; includeInIndex = 0; path = "UI Tests.xctest"; sourceTree = BUILT_PRODUCTS_DIR; };
/* End PBXFileReference section */

/* Begin PBXFileSystemSynchronizedBuildFileExceptionSet section */
		687227E72CE83F0000BB82B1 /* PBXFileSystemSynchronizedBuildFileExceptionSet */ = {
			isa = PBXFileSystemSynchronizedBuildFileExceptionSet;
			membershipExceptions = (
				Info.plist,
			);
			target = 6860690D2831501B000068DE /* Safari Extension */;
		};
		6872280A2CE83F0400BB82B1 /* PBXFileSystemSynchronizedBuildFileExceptionSet */ = {
			isa = PBXFileSystemSynchronizedBuildFileExceptionSet;
			membershipExceptions = (
				Info.plist,
			);
			target = 68CC011C2BDF0D9C00E723DC /* Widget Extension */;
		};
		68722A0D2CE83F5F00BB82B1 /* PBXFileSystemSynchronizedBuildFileExceptionSet */ = {
			isa = PBXFileSystemSynchronizedBuildFileExceptionSet;
			membershipExceptions = (
				Info.plist,
			);
			platformFiltersByRelativePath = {
				LaunchScreen.storyboard = (
					ios,
				);
			};
			target = 68C41308247263C700D1DC7B /* Den */;
		};
/* End PBXFileSystemSynchronizedBuildFileExceptionSet section */

/* Begin PBXFileSystemSynchronizedRootGroup section */
		687227712CE83E2800BB82B1 /* Shared */ = {isa = PBXFileSystemSynchronizedRootGroup; explicitFileTypes = {}; explicitFolders = (); path = Shared; sourceTree = "<group>"; };
		687227AA2CE83EF200BB82B1 /* TestPlans */ = {isa = PBXFileSystemSynchronizedRootGroup; explicitFileTypes = {}; explicitFolders = (); path = TestPlans; sourceTree = "<group>"; };
		687227BC2CE83EFA00BB82B1 /* UITests */ = {isa = PBXFileSystemSynchronizedRootGroup; explicitFileTypes = {}; explicitFolders = (); path = UITests; sourceTree = "<group>"; };
		687227DB2CE83F0000BB82B1 /* WebExtension */ = {isa = PBXFileSystemSynchronizedRootGroup; exceptions = (687227E72CE83F0000BB82B1 /* PBXFileSystemSynchronizedBuildFileExceptionSet */, ); explicitFileTypes = {}; explicitFolders = (Resources/_locales, Resources/images, ); path = WebExtension; sourceTree = "<group>"; };
		687227FA2CE83F0400BB82B1 /* WidgetExtension */ = {isa = PBXFileSystemSynchronizedRootGroup; exceptions = (6872280A2CE83F0400BB82B1 /* PBXFileSystemSynchronizedBuildFileExceptionSet */, ); explicitFileTypes = {}; explicitFolders = (); path = WidgetExtension; sourceTree = "<group>"; };
		6872280C2CE83F0A00BB82B1 /* ci_scripts */ = {isa = PBXFileSystemSynchronizedRootGroup; explicitFileTypes = {}; explicitFolders = (); path = ci_scripts; sourceTree = "<group>"; };
		6872291C2CE83F5F00BB82B1 /* Den */ = {isa = PBXFileSystemSynchronizedRootGroup; exceptions = (68722A0D2CE83F5F00BB82B1 /* PBXFileSystemSynchronizedBuildFileExceptionSet */, ); explicitFileTypes = {}; explicitFolders = (); path = Den; sourceTree = "<group>"; };
		68722A6E2CE8412300BB82B1 /* Scripts */ = {isa = PBXFileSystemSynchronizedRootGroup; explicitFileTypes = {}; explicitFolders = (); path = Scripts; sourceTree = "<group>"; };
/* End PBXFileSystemSynchronizedRootGroup section */

/* Begin PBXFrameworksBuildPhase section */
		6860690B2831501B000068DE /* Frameworks */ = {
			isa = PBXFrameworksBuildPhase;
			buildActionMask = 2147483647;
			files = (
			);
			runOnlyForDeploymentPostprocessing = 0;
		};
		68C41306247263C700D1DC7B /* Frameworks */ = {
			isa = PBXFrameworksBuildPhase;
			buildActionMask = 2147483647;
			files = (
				68B34A6C24880ADE0066B215 /* AEXML in Frameworks */,
				6845BD4E24F6824C0008B296 /* CloudKit.framework in Frameworks */,
				68FB95132BE7F47E004EFA73 /* FeedKit in Frameworks */,
				6897D52626B91C0100833DDA /* HTMLEntities in Frameworks */,
				681DE1072922CFD400D2F7B2 /* SDWebImageSVGCoder in Frameworks */,
				68EE91EB28D54C66000C00D2 /* SDWebImageSwiftUI in Frameworks */,
				68EBB5912BC3BD1B0014305F /* SDWebImageWebPCoder in Frameworks */,
				6897D52C26B91C3C00833DDA /* SwiftSoup in Frameworks */,
			);
			runOnlyForDeploymentPostprocessing = 0;
		};
		68CC011A2BDF0D9C00E723DC /* Frameworks */ = {
			isa = PBXFrameworksBuildPhase;
			buildActionMask = 2147483647;
			files = (
				68FB95092BE4D263004EFA73 /* CloudKit.framework in Frameworks */,
				686319932C0DFA5F007C95E7 /* FeedKit in Frameworks */,
				68A5A1552BE194BF00FEA8D3 /* HTMLEntities in Frameworks */,
				68FB950E2BE6A688004EFA73 /* SDWebImageSVGCoder in Frameworks */,
				6871CFEA2BE31FDE0039FD3E /* SDWebImageSwiftUI in Frameworks */,
				68FB95102BE6A691004EFA73 /* SDWebImageWebPCoder in Frameworks */,
				68A5A1532BE194B000FEA8D3 /* SwiftSoup in Frameworks */,
				68CC01212BDF0D9C00E723DC /* SwiftUI.framework in Frameworks */,
				68CC011F2BDF0D9C00E723DC /* WidgetKit.framework in Frameworks */,
			);
			runOnlyForDeploymentPostprocessing = 0;
		};
		68E83BF62A6004590014DC64 /* Frameworks */ = {
			isa = PBXFrameworksBuildPhase;
			buildActionMask = 2147483647;
			files = (
			);
			runOnlyForDeploymentPostprocessing = 0;
		};
/* End PBXFrameworksBuildPhase section */

/* Begin PBXGroup section */
		6845BD4C24F6824C0008B296 /* Frameworks */ = {
			isa = PBXGroup;
			children = (
				6845BD4D24F6824C0008B296 /* CloudKit.framework */,
				68CC01202BDF0D9C00E723DC /* SwiftUI.framework */,
				68CC011E2BDF0D9C00E723DC /* WidgetKit.framework */,
			);
			name = Frameworks;
			sourceTree = "<group>";
		};
		68C41300247263C700D1DC7B = {
			isa = PBXGroup;
			children = (
				6872291C2CE83F5F00BB82B1 /* Den */,
				68722A6E2CE8412300BB82B1 /* Scripts */,
				687227712CE83E2800BB82B1 /* Shared */,
				68958DCC2ABF7BD5007B9D9D /* TestData */,
				687227AA2CE83EF200BB82B1 /* TestPlans */,
				687227BC2CE83EFA00BB82B1 /* UITests */,
				687227DB2CE83F0000BB82B1 /* WebExtension */,
				687227FA2CE83F0400BB82B1 /* WidgetExtension */,
				6872280C2CE83F0A00BB82B1 /* ci_scripts */,
				68D286272A634183007AD876 /* .gitignore */,
				689EDBF8269188580055811A /* .swiftlint.yml */,
				68D82FCA2C6EDC6B003B4CD1 /* crowdin.yml */,
				6845BD0F24EFB38C0008B296 /* README.md */,
				68C4130A247263C700D1DC7B /* Products */,
				6845BD4C24F6824C0008B296 /* Frameworks */,
			);
			sourceTree = "<group>";
		};
		68C4130A247263C700D1DC7B /* Products */ = {
			isa = PBXGroup;
			children = (
				68C41309247263C700D1DC7B /* Den.app */,
				6860690E2831501B000068DE /* Den Web Extension.appex */,
				68E83BF92A6004590014DC64 /* UI Tests.xctest */,
				68CC011D2BDF0D9C00E723DC /* Den Widget Extension.appex */,
			);
			name = Products;
			sourceTree = "<group>";
		};
/* End PBXGroup section */

/* Begin PBXNativeTarget section */
		6860690D2831501B000068DE /* Safari Extension */ = {
			isa = PBXNativeTarget;
			buildConfigurationList = 686069472831501B000068DE /* Build configuration list for PBXNativeTarget "Safari Extension" */;
			buildPhases = (
				6860690A2831501B000068DE /* Sources */,
				6860690B2831501B000068DE /* Frameworks */,
				6860690C2831501B000068DE /* Resources */,
			);
			buildRules = (
			);
			dependencies = (
				68CD8B892C5C94A400AF0124 /* PBXTargetDependency */,
			);
			fileSystemSynchronizedGroups = (
				687227DB2CE83F0000BB82B1 /* WebExtension */,
			);
			name = "Safari Extension";
			productName = "SafariExtension Extension (iOS)";
			productReference = 6860690E2831501B000068DE /* Den Web Extension.appex */;
			productType = "com.apple.product-type.app-extension";
		};
		68C41308247263C700D1DC7B /* Den */ = {
			isa = PBXNativeTarget;
			buildConfigurationList = 68C41338247263C700D1DC7B /* Build configuration list for PBXNativeTarget "Den" */;
			buildPhases = (
				68C41305247263C700D1DC7B /* Sources */,
				68C41306247263C700D1DC7B /* Frameworks */,
				68C41307247263C700D1DC7B /* Resources */,
				6860694F2831533E000068DE /* Embed Foundation Extensions */,
			);
			buildRules = (
			);
			dependencies = (
				68CD8B872C5C949A00AF0124 /* PBXTargetDependency */,
				6860694E2831533E000068DE /* PBXTargetDependency */,
				68C9FEB82BFD7173006B8BD6 /* PBXTargetDependency */,
			);
			fileSystemSynchronizedGroups = (
				687227712CE83E2800BB82B1 /* Shared */,
				6872291C2CE83F5F00BB82B1 /* Den */,
			);
			name = Den;
			packageProductDependencies = (
				68B34A6B24880ADE0066B215 /* AEXML */,
				6897D52526B91C0100833DDA /* HTMLEntities */,
				6897D52B26B91C3C00833DDA /* SwiftSoup */,
				68EE91EA28D54C66000C00D2 /* SDWebImageSwiftUI */,
				681DE1062922CFD400D2F7B2 /* SDWebImageSVGCoder */,
				68EBB5902BC3BD1B0014305F /* SDWebImageWebPCoder */,
				68FB95122BE7F47E004EFA73 /* FeedKit */,
			);
			productName = Den;
			productReference = 68C41309247263C700D1DC7B /* Den.app */;
			productType = "com.apple.product-type.application";
		};
		68CC011C2BDF0D9C00E723DC /* Widget Extension */ = {
			isa = PBXNativeTarget;
			buildConfigurationList = 68CC01322BDF0D9C00E723DC /* Build configuration list for PBXNativeTarget "Widget Extension" */;
			buildPhases = (
				68CC01192BDF0D9C00E723DC /* Sources */,
				68CC011A2BDF0D9C00E723DC /* Frameworks */,
				68CC011B2BDF0D9C00E723DC /* Resources */,
			);
			buildRules = (
			);
			dependencies = (
				68CD8B8B2C5C94B400AF0124 /* PBXTargetDependency */,
			);
			fileSystemSynchronizedGroups = (
				687227712CE83E2800BB82B1 /* Shared */,
				687227FA2CE83F0400BB82B1 /* WidgetExtension */,
			);
			name = "Widget Extension";
			packageProductDependencies = (
				68A5A1522BE194B000FEA8D3 /* SwiftSoup */,
				68A5A1542BE194BF00FEA8D3 /* HTMLEntities */,
				6871CFE92BE31FDE0039FD3E /* SDWebImageSwiftUI */,
				68FB950D2BE6A688004EFA73 /* SDWebImageSVGCoder */,
				68FB950F2BE6A691004EFA73 /* SDWebImageWebPCoder */,
				686319922C0DFA5F007C95E7 /* FeedKit */,
			);
			productName = WidgetExtensionExtension;
			productReference = 68CC011D2BDF0D9C00E723DC /* Den Widget Extension.appex */;
			productType = "com.apple.product-type.app-extension";
		};
		68E83BF82A6004590014DC64 /* UI Tests */ = {
			isa = PBXNativeTarget;
			buildConfigurationList = 68E83C012A6004590014DC64 /* Build configuration list for PBXNativeTarget "UI Tests" */;
			buildPhases = (
				68E83BF52A6004590014DC64 /* Sources */,
				68E83BF62A6004590014DC64 /* Frameworks */,
				68E83BF72A6004590014DC64 /* Resources */,
			);
			buildRules = (
			);
			dependencies = (
				68E83C002A6004590014DC64 /* PBXTargetDependency */,
			);
			fileSystemSynchronizedGroups = (
				687227BC2CE83EFA00BB82B1 /* UITests */,
			);
			name = "UI Tests";
			productName = DenUITests;
			productReference = 68E83BF92A6004590014DC64 /* UI Tests.xctest */;
			productType = "com.apple.product-type.bundle.ui-testing";
		};
/* End PBXNativeTarget section */

/* Begin PBXProject section */
		68C41301247263C700D1DC7B /* Project object */ = {
			isa = PBXProject;
			attributes = {
				BuildIndependentTargetsInParallel = YES;
				LastSwiftUpdateCheck = 1600;
				LastUpgradeCheck = 1600;
				ORGANIZATIONNAME = "Garrett Johnson";
				TargetAttributes = {
					6860690D2831501B000068DE = {
						CreatedOnToolsVersion = 13.3.1;
					};
					68C41308247263C700D1DC7B = {
						CreatedOnToolsVersion = 11.4.1;
					};
					68CC011C2BDF0D9C00E723DC = {
						CreatedOnToolsVersion = 15.3;
					};
					68E83BF82A6004590014DC64 = {
						CreatedOnToolsVersion = 15.0;
						TestTargetID = 68C41308247263C700D1DC7B;
					};
				};
			};
			buildConfigurationList = 68C41304247263C700D1DC7B /* Build configuration list for PBXProject "Den" */;
			compatibilityVersion = "Xcode 14.0";
			developmentRegion = en;
			hasScannedForEncodings = 0;
			knownRegions = (
				"en-GB",
				Base,
				en,
			);
			mainGroup = 68C41300247263C700D1DC7B;
			packageReferences = (
				68B34A6A24880ADE0066B215 /* XCRemoteSwiftPackageReference "AEXML" */,
				6897D52426B91C0100833DDA /* XCRemoteSwiftPackageReference "swift-html-entities" */,
				6897D52A26B91C3C00833DDA /* XCRemoteSwiftPackageReference "SwiftSoup" */,
				68EE91E928D54C66000C00D2 /* XCRemoteSwiftPackageReference "SDWebImageSwiftUI" */,
				681DE1052922CFD400D2F7B2 /* XCRemoteSwiftPackageReference "SDWebImageSVGCoder" */,
				68EBB58F2BC3BD1B0014305F /* XCRemoteSwiftPackageReference "SDWebImageWebPCoder" */,
				68FB95112BE7F47E004EFA73 /* XCRemoteSwiftPackageReference "FeedKit" */,
				68CD8B852C5C946600AF0124 /* XCRemoteSwiftPackageReference "SwiftLintPlugins" */,
			);
			productRefGroup = 68C4130A247263C700D1DC7B /* Products */;
			projectDirPath = "";
			projectRoot = "";
			targets = (
				68C41308247263C700D1DC7B /* Den */,
				6860690D2831501B000068DE /* Safari Extension */,
				68E83BF82A6004590014DC64 /* UI Tests */,
				68CC011C2BDF0D9C00E723DC /* Widget Extension */,
			);
		};
/* End PBXProject section */

/* Begin PBXResourcesBuildPhase section */
		6860690C2831501B000068DE /* Resources */ = {
			isa = PBXResourcesBuildPhase;
			buildActionMask = 2147483647;
			files = (
			);
			runOnlyForDeploymentPostprocessing = 0;
		};
		68C41307247263C700D1DC7B /* Resources */ = {
			isa = PBXResourcesBuildPhase;
			buildActionMask = 2147483647;
			files = (
			);
			runOnlyForDeploymentPostprocessing = 0;
		};
		68CC011B2BDF0D9C00E723DC /* Resources */ = {
			isa = PBXResourcesBuildPhase;
			buildActionMask = 2147483647;
			files = (
			);
			runOnlyForDeploymentPostprocessing = 0;
		};
		68E83BF72A6004590014DC64 /* Resources */ = {
			isa = PBXResourcesBuildPhase;
			buildActionMask = 2147483647;
			files = (
			);
			runOnlyForDeploymentPostprocessing = 0;
		};
/* End PBXResourcesBuildPhase section */

/* Begin PBXSourcesBuildPhase section */
		6860690A2831501B000068DE /* Sources */ = {
			isa = PBXSourcesBuildPhase;
			buildActionMask = 2147483647;
			files = (
			);
			runOnlyForDeploymentPostprocessing = 0;
		};
		68C41305247263C700D1DC7B /* Sources */ = {
			isa = PBXSourcesBuildPhase;
			buildActionMask = 2147483647;
			files = (
			);
			runOnlyForDeploymentPostprocessing = 0;
		};
		68CC01192BDF0D9C00E723DC /* Sources */ = {
			isa = PBXSourcesBuildPhase;
			buildActionMask = 2147483647;
			files = (
			);
			runOnlyForDeploymentPostprocessing = 0;
		};
		68E83BF52A6004590014DC64 /* Sources */ = {
			isa = PBXSourcesBuildPhase;
			buildActionMask = 2147483647;
			files = (
			);
			runOnlyForDeploymentPostprocessing = 0;
		};
/* End PBXSourcesBuildPhase section */

/* Begin PBXTargetDependency section */
		6860694E2831533E000068DE /* PBXTargetDependency */ = {
			isa = PBXTargetDependency;
			target = 6860690D2831501B000068DE /* Safari Extension */;
			targetProxy = 6860694D2831533E000068DE /* PBXContainerItemProxy */;
		};
		68C9FEB82BFD7173006B8BD6 /* PBXTargetDependency */ = {
			isa = PBXTargetDependency;
			target = 68CC011C2BDF0D9C00E723DC /* Widget Extension */;
			targetProxy = 68C9FEB72BFD7173006B8BD6 /* PBXContainerItemProxy */;
		};
		68CD8B872C5C949A00AF0124 /* PBXTargetDependency */ = {
			isa = PBXTargetDependency;
			productRef = 68CD8B862C5C949A00AF0124 /* SwiftLintBuildToolPlugin */;
		};
		68CD8B892C5C94A400AF0124 /* PBXTargetDependency */ = {
			isa = PBXTargetDependency;
			productRef = 68CD8B882C5C94A400AF0124 /* SwiftLintBuildToolPlugin */;
		};
		68CD8B8B2C5C94B400AF0124 /* PBXTargetDependency */ = {
			isa = PBXTargetDependency;
			productRef = 68CD8B8A2C5C94B400AF0124 /* SwiftLintBuildToolPlugin */;
		};
		68E83C002A6004590014DC64 /* PBXTargetDependency */ = {
			isa = PBXTargetDependency;
			target = 68C41308247263C700D1DC7B /* Den */;
			targetProxy = 68E83BFF2A6004590014DC64 /* PBXContainerItemProxy */;
		};
/* End PBXTargetDependency section */

/* Begin XCBuildConfiguration section */
		686069432831501B000068DE /* Debug */ = {
			isa = XCBuildConfiguration;
			buildSettings = {
				CLANG_CXX_LANGUAGE_STANDARD = "gnu++17";
				CODE_SIGN_ENTITLEMENTS = WebExtension/SafariExtension.entitlements;
				CODE_SIGN_STYLE = Automatic;
				CURRENT_PROJECT_VERSION = "$(CURRENT_PROJECT_VERSION)";
				DEVELOPMENT_TEAM = N7TC759VWV;
				"ENABLE_HARDENED_RUNTIME[sdk=macosx*]" = YES;
				GENERATE_INFOPLIST_FILE = YES;
				INFOPLIST_FILE = WebExtension/Info.plist;
				INFOPLIST_KEY_CFBundleDisplayName = "Den Web Extension";
				INFOPLIST_KEY_NSHumanReadableCopyright = "Copyright © 2020-2024 Garrett Johnson";
				IPHONEOS_DEPLOYMENT_TARGET = "$(inherited)";
				LD_RUNPATH_SEARCH_PATHS = (
					"$(inherited)",
					"@executable_path/Frameworks",
					"@executable_path/../../Frameworks",
				);
				LOCALIZATION_EXPORT_SUPPORTED = YES;
				MACOSX_DEPLOYMENT_TARGET = "$(inherited)";
				MARKETING_VERSION = "$(MARKETING_VERSION)";
				OTHER_LDFLAGS = (
					"-framework",
					SafariServices,
				);
				PRODUCT_BUNDLE_IDENTIFIER = net.devsci.den.webext;
				PRODUCT_NAME = "Den Web Extension";
				SKIP_INSTALL = YES;
				SUPPORTED_PLATFORMS = "iphoneos iphonesimulator macosx";
				SUPPORTS_MACCATALYST = NO;
				SUPPORTS_MAC_DESIGNED_FOR_IPHONE_IPAD = NO;
				SUPPORTS_XR_DESIGNED_FOR_IPHONE_IPAD = NO;
				SWIFT_EMIT_LOC_STRINGS = YES;
				TARGETED_DEVICE_FAMILY = "1,2,6";
			};
			name = Debug;
		};
		686069442831501B000068DE /* Release */ = {
			isa = XCBuildConfiguration;
			buildSettings = {
				CLANG_CXX_LANGUAGE_STANDARD = "gnu++17";
				CODE_SIGN_ENTITLEMENTS = WebExtension/SafariExtension.entitlements;
				CODE_SIGN_STYLE = Automatic;
				CURRENT_PROJECT_VERSION = "$(CURRENT_PROJECT_VERSION)";
				DEVELOPMENT_TEAM = N7TC759VWV;
				"ENABLE_HARDENED_RUNTIME[sdk=macosx*]" = YES;
				GENERATE_INFOPLIST_FILE = YES;
				INFOPLIST_FILE = WebExtension/Info.plist;
				INFOPLIST_KEY_CFBundleDisplayName = "Den Web Extension";
				INFOPLIST_KEY_NSHumanReadableCopyright = "Copyright © 2020-2024 Garrett Johnson";
				IPHONEOS_DEPLOYMENT_TARGET = "$(inherited)";
				LD_RUNPATH_SEARCH_PATHS = (
					"$(inherited)",
					"@executable_path/Frameworks",
					"@executable_path/../../Frameworks",
				);
				LOCALIZATION_EXPORT_SUPPORTED = YES;
				MACOSX_DEPLOYMENT_TARGET = "$(inherited)";
				MARKETING_VERSION = "$(MARKETING_VERSION)";
				OTHER_LDFLAGS = (
					"-framework",
					SafariServices,
				);
				PRODUCT_BUNDLE_IDENTIFIER = net.devsci.den.webext;
				PRODUCT_NAME = "Den Web Extension";
				SKIP_INSTALL = YES;
				SUPPORTED_PLATFORMS = "iphoneos iphonesimulator macosx";
				SUPPORTS_MACCATALYST = NO;
				SUPPORTS_MAC_DESIGNED_FOR_IPHONE_IPAD = NO;
				SUPPORTS_XR_DESIGNED_FOR_IPHONE_IPAD = NO;
				SWIFT_EMIT_LOC_STRINGS = YES;
				TARGETED_DEVICE_FAMILY = "1,2,6";
			};
			name = Release;
		};
		68C41336247263C700D1DC7B /* Debug */ = {
			isa = XCBuildConfiguration;
			buildSettings = {
				ALWAYS_SEARCH_USER_PATHS = NO;
				ASSETCATALOG_COMPILER_GENERATE_SWIFT_ASSET_SYMBOL_EXTENSIONS = YES;
				CLANG_ANALYZER_GCD_PERFORMANCE = YES;
				CLANG_ANALYZER_LOCALIZABILITY_EMPTY_CONTEXT = YES;
				CLANG_ANALYZER_LOCALIZABILITY_NONLOCALIZED = YES;
				CLANG_ANALYZER_NONNULL = YES;
				CLANG_ANALYZER_NUMBER_OBJECT_CONVERSION = YES_AGGRESSIVE;
				CLANG_CXX_LANGUAGE_STANDARD = "gnu++14";
				CLANG_CXX_LIBRARY = "libc++";
				CLANG_ENABLE_MODULES = YES;
				CLANG_ENABLE_OBJC_ARC = YES;
				CLANG_ENABLE_OBJC_WEAK = YES;
				CLANG_TIDY_BUGPRONE_REDUNDANT_BRANCH_CONDITION = YES;
				CLANG_TIDY_MISC_REDUNDANT_EXPRESSION = YES;
				CLANG_WARN_BLOCK_CAPTURE_AUTORELEASING = YES;
				CLANG_WARN_BOOL_CONVERSION = YES;
				CLANG_WARN_COMMA = YES;
				CLANG_WARN_CONSTANT_CONVERSION = YES;
				CLANG_WARN_DEPRECATED_OBJC_IMPLEMENTATIONS = YES;
				CLANG_WARN_DIRECT_OBJC_ISA_USAGE = YES_ERROR;
				CLANG_WARN_DOCUMENTATION_COMMENTS = YES;
				CLANG_WARN_EMPTY_BODY = YES;
				CLANG_WARN_ENUM_CONVERSION = YES;
				CLANG_WARN_INFINITE_RECURSION = YES;
				CLANG_WARN_INT_CONVERSION = YES;
				CLANG_WARN_NON_LITERAL_NULL_CONVERSION = YES;
				CLANG_WARN_OBJC_IMPLICIT_RETAIN_SELF = YES;
				CLANG_WARN_OBJC_LITERAL_CONVERSION = YES;
				CLANG_WARN_OBJC_ROOT_CLASS = YES_ERROR;
				CLANG_WARN_QUOTED_INCLUDE_IN_FRAMEWORK_HEADER = YES;
				CLANG_WARN_RANGE_LOOP_ANALYSIS = YES;
				CLANG_WARN_STRICT_PROTOTYPES = YES;
				CLANG_WARN_SUSPICIOUS_MOVE = YES;
				CLANG_WARN_UNGUARDED_AVAILABILITY = YES_AGGRESSIVE;
				CLANG_WARN_UNREACHABLE_CODE = YES;
				CLANG_WARN__DUPLICATE_METHOD_MATCH = YES;
				COPY_PHASE_STRIP = NO;
				CURRENT_PROJECT_VERSION = 348;
				DEBUG_INFORMATION_FORMAT = dwarf;
				ENABLE_STRICT_OBJC_MSGSEND = YES;
				ENABLE_TESTABILITY = YES;
				ENABLE_USER_SCRIPT_SANDBOXING = NO;
				GCC_C_LANGUAGE_STANDARD = gnu11;
				GCC_DYNAMIC_NO_PIC = NO;
				GCC_NO_COMMON_BLOCKS = YES;
				GCC_OPTIMIZATION_LEVEL = 0;
				GCC_PREPROCESSOR_DEFINITIONS = (
					"DEBUG=1",
					"$(inherited)",
				);
				GCC_WARN_64_TO_32_BIT_CONVERSION = YES;
				GCC_WARN_ABOUT_RETURN_TYPE = YES_ERROR;
				GCC_WARN_UNDECLARED_SELECTOR = YES;
				GCC_WARN_UNINITIALIZED_AUTOS = YES_AGGRESSIVE;
				GCC_WARN_UNUSED_FUNCTION = YES;
				GCC_WARN_UNUSED_VARIABLE = YES;
				INFOPLIST_KEY_NSHumanReadableCopyright = "Copyright © 2020-2024 Garrett Johnson";
				IPHONEOS_DEPLOYMENT_TARGET = 17.6;
				LOCALIZATION_PREFERS_STRING_CATALOGS = YES;
				MACOSX_DEPLOYMENT_TARGET = 14.6;
				MARKETING_VERSION = 1.26.4;
				MTL_ENABLE_DEBUG_INFO = INCLUDE_SOURCE;
				MTL_FAST_MATH = YES;
				ONLY_ACTIVE_ARCH = YES;
				PRODUCT_NAME = Den;
				SDKROOT = iphoneos;
				SWIFT_ACTIVE_COMPILATION_CONDITIONS = DEBUG;
				SWIFT_EMIT_LOC_STRINGS = YES;
				SWIFT_OPTIMIZATION_LEVEL = "-Onone";
				SWIFT_STRICT_CONCURRENCY = complete;
				SWIFT_VERSION = 6.0;
			};
			name = Debug;
		};
		68C41337247263C700D1DC7B /* Release */ = {
			isa = XCBuildConfiguration;
			buildSettings = {
				ALWAYS_SEARCH_USER_PATHS = NO;
				ASSETCATALOG_COMPILER_GENERATE_SWIFT_ASSET_SYMBOL_EXTENSIONS = YES;
				CLANG_ANALYZER_GCD_PERFORMANCE = YES;
				CLANG_ANALYZER_LOCALIZABILITY_EMPTY_CONTEXT = YES;
				CLANG_ANALYZER_LOCALIZABILITY_NONLOCALIZED = YES;
				CLANG_ANALYZER_NONNULL = YES;
				CLANG_ANALYZER_NUMBER_OBJECT_CONVERSION = YES_AGGRESSIVE;
				CLANG_CXX_LANGUAGE_STANDARD = "gnu++14";
				CLANG_CXX_LIBRARY = "libc++";
				CLANG_ENABLE_MODULES = YES;
				CLANG_ENABLE_OBJC_ARC = YES;
				CLANG_ENABLE_OBJC_WEAK = YES;
				CLANG_TIDY_BUGPRONE_REDUNDANT_BRANCH_CONDITION = YES;
				CLANG_TIDY_MISC_REDUNDANT_EXPRESSION = YES;
				CLANG_WARN_BLOCK_CAPTURE_AUTORELEASING = YES;
				CLANG_WARN_BOOL_CONVERSION = YES;
				CLANG_WARN_COMMA = YES;
				CLANG_WARN_CONSTANT_CONVERSION = YES;
				CLANG_WARN_DEPRECATED_OBJC_IMPLEMENTATIONS = YES;
				CLANG_WARN_DIRECT_OBJC_ISA_USAGE = YES_ERROR;
				CLANG_WARN_DOCUMENTATION_COMMENTS = YES;
				CLANG_WARN_EMPTY_BODY = YES;
				CLANG_WARN_ENUM_CONVERSION = YES;
				CLANG_WARN_INFINITE_RECURSION = YES;
				CLANG_WARN_INT_CONVERSION = YES;
				CLANG_WARN_NON_LITERAL_NULL_CONVERSION = YES;
				CLANG_WARN_OBJC_IMPLICIT_RETAIN_SELF = YES;
				CLANG_WARN_OBJC_LITERAL_CONVERSION = YES;
				CLANG_WARN_OBJC_ROOT_CLASS = YES_ERROR;
				CLANG_WARN_QUOTED_INCLUDE_IN_FRAMEWORK_HEADER = YES;
				CLANG_WARN_RANGE_LOOP_ANALYSIS = YES;
				CLANG_WARN_STRICT_PROTOTYPES = YES;
				CLANG_WARN_SUSPICIOUS_MOVE = YES;
				CLANG_WARN_UNGUARDED_AVAILABILITY = YES_AGGRESSIVE;
				CLANG_WARN_UNREACHABLE_CODE = YES;
				CLANG_WARN__DUPLICATE_METHOD_MATCH = YES;
				COPY_PHASE_STRIP = NO;
				CURRENT_PROJECT_VERSION = 348;
				DEBUG_INFORMATION_FORMAT = "dwarf-with-dsym";
				ENABLE_NS_ASSERTIONS = NO;
				ENABLE_STRICT_OBJC_MSGSEND = YES;
				ENABLE_USER_SCRIPT_SANDBOXING = NO;
				GCC_C_LANGUAGE_STANDARD = gnu11;
				GCC_NO_COMMON_BLOCKS = YES;
				GCC_WARN_64_TO_32_BIT_CONVERSION = YES;
				GCC_WARN_ABOUT_RETURN_TYPE = YES_ERROR;
				GCC_WARN_UNDECLARED_SELECTOR = YES;
				GCC_WARN_UNINITIALIZED_AUTOS = YES_AGGRESSIVE;
				GCC_WARN_UNUSED_FUNCTION = YES;
				GCC_WARN_UNUSED_VARIABLE = YES;
				INFOPLIST_KEY_NSHumanReadableCopyright = "Copyright © 2020-2024 Garrett Johnson";
				IPHONEOS_DEPLOYMENT_TARGET = 17.6;
				LOCALIZATION_PREFERS_STRING_CATALOGS = YES;
				MACOSX_DEPLOYMENT_TARGET = 14.6;
				MARKETING_VERSION = 1.26.4;
				MTL_ENABLE_DEBUG_INFO = NO;
				MTL_FAST_MATH = YES;
				PRODUCT_NAME = Den;
				SDKROOT = iphoneos;
				SWIFT_COMPILATION_MODE = wholemodule;
				SWIFT_EMIT_LOC_STRINGS = YES;
				SWIFT_OPTIMIZATION_LEVEL = "-O";
				SWIFT_STRICT_CONCURRENCY = complete;
				SWIFT_VERSION = 6.0;
				VALIDATE_PRODUCT = YES;
			};
			name = Release;
		};
		68C41339247263C700D1DC7B /* Debug */ = {
			isa = XCBuildConfiguration;
			buildSettings = {
				ASSETCATALOG_COMPILER_ALTERNATE_APPICON_NAMES = "";
				ASSETCATALOG_COMPILER_APPICON_NAME = AppIcon;
				ASSETCATALOG_COMPILER_INCLUDE_ALL_APPICON_ASSETS = NO;
				ASSETCATALOG_COMPILER_INCLUDE_INFOPLIST_LOCALIZATIONS = YES;
				CLANG_ANALYZER_GCD_PERFORMANCE = "${inherited}";
				CLANG_ANALYZER_LOCALIZABILITY_EMPTY_CONTEXT = "${inherited}";
				CODE_SIGN_ENTITLEMENTS = Den/Den.entitlements;
				CODE_SIGN_IDENTITY = "Apple Development";
				CODE_SIGN_STYLE = Automatic;
				CURRENT_PROJECT_VERSION = "$(CURRENT_PROJECT_VERSION)";
				DEVELOPMENT_ASSET_PATHS = "\"Den/Preview Content\"";
				DEVELOPMENT_TEAM = N7TC759VWV;
				ENABLE_HARDENED_RUNTIME = YES;
				"ENABLE_HARDENED_RUNTIME[sdk=macosx*]" = YES;
				ENABLE_PREVIEWS = YES;
				GENERATE_INFOPLIST_FILE = YES;
				INFOPLIST_FILE = Den/Info.plist;
				INFOPLIST_KEY_CFBundleDisplayName = Den;
				INFOPLIST_KEY_LSApplicationCategoryType = "public.app-category.news";
				INFOPLIST_KEY_NSDownloadsFolderUsageDescription = "Completed file downloads will be moved here.";
				INFOPLIST_KEY_NSHumanReadableCopyright = "Copyright © 2020-2024 Garrett Johnson";
				INFOPLIST_KEY_NSPhotoLibraryAddUsageDescription = "Save images selected in the built-in browser.";
				INFOPLIST_KEY_UILaunchStoryboardName = LaunchScreen;
				INFOPLIST_KEY_UIRequiredDeviceCapabilities = armv7;
				INFOPLIST_KEY_UISupportedInterfaceOrientations = "UIInterfaceOrientationLandscapeLeft UIInterfaceOrientationLandscapeRight UIInterfaceOrientationPortrait";
				INFOPLIST_KEY_UISupportedInterfaceOrientations_iPad = "UIInterfaceOrientationLandscapeLeft UIInterfaceOrientationLandscapeRight UIInterfaceOrientationPortrait UIInterfaceOrientationPortraitUpsideDown";
				IPHONEOS_DEPLOYMENT_TARGET = "$(inherited)";
				LD_RUNPATH_SEARCH_PATHS = (
					"$(inherited)",
					"@executable_path/Frameworks",
				);
				MACOSX_DEPLOYMENT_TARGET = "$(inherited)";
				MARKETING_VERSION = "${MARKETING_VERSION}";
				PRODUCT_BUNDLE_IDENTIFIER = net.devsci.den;
				PRODUCT_NAME = $PRODUCT_NAME;
				PROVISIONING_PROFILE_SPECIFIER = "";
				SUPPORTED_PLATFORMS = "iphoneos iphonesimulator macosx";
				SUPPORTS_MACCATALYST = NO;
				SUPPORTS_MAC_DESIGNED_FOR_IPHONE_IPAD = NO;
				SUPPORTS_XR_DESIGNED_FOR_IPHONE_IPAD = NO;
				SWIFT_EMIT_LOC_STRINGS = YES;
				TARGETED_DEVICE_FAMILY = "1,2,6";
			};
			name = Debug;
		};
		68C4133A247263C700D1DC7B /* Release */ = {
			isa = XCBuildConfiguration;
			buildSettings = {
				ASSETCATALOG_COMPILER_ALTERNATE_APPICON_NAMES = "";
				ASSETCATALOG_COMPILER_APPICON_NAME = AppIcon;
				ASSETCATALOG_COMPILER_INCLUDE_ALL_APPICON_ASSETS = NO;
				ASSETCATALOG_COMPILER_INCLUDE_INFOPLIST_LOCALIZATIONS = YES;
				CLANG_ANALYZER_GCD_PERFORMANCE = "${inherited}";
				CLANG_ANALYZER_LOCALIZABILITY_EMPTY_CONTEXT = "${inherited}";
				CODE_SIGN_ENTITLEMENTS = Den/Den.entitlements;
				CODE_SIGN_IDENTITY = "Apple Development";
				CODE_SIGN_STYLE = Automatic;
				CURRENT_PROJECT_VERSION = "$(CURRENT_PROJECT_VERSION)";
				DEVELOPMENT_ASSET_PATHS = "\"Den/Preview Content\"";
				DEVELOPMENT_TEAM = N7TC759VWV;
				ENABLE_HARDENED_RUNTIME = YES;
				"ENABLE_HARDENED_RUNTIME[sdk=macosx*]" = YES;
				ENABLE_PREVIEWS = YES;
				GENERATE_INFOPLIST_FILE = YES;
				INFOPLIST_FILE = Den/Info.plist;
				INFOPLIST_KEY_CFBundleDisplayName = Den;
				INFOPLIST_KEY_LSApplicationCategoryType = "public.app-category.news";
				INFOPLIST_KEY_NSDownloadsFolderUsageDescription = "Completed file downloads will be moved here.";
				INFOPLIST_KEY_NSHumanReadableCopyright = "Copyright © 2020-2024 Garrett Johnson";
				INFOPLIST_KEY_NSPhotoLibraryAddUsageDescription = "Save images selected in the built-in browser.";
				INFOPLIST_KEY_UILaunchStoryboardName = LaunchScreen;
				INFOPLIST_KEY_UIRequiredDeviceCapabilities = armv7;
				INFOPLIST_KEY_UISupportedInterfaceOrientations = "UIInterfaceOrientationLandscapeLeft UIInterfaceOrientationLandscapeRight UIInterfaceOrientationPortrait";
				INFOPLIST_KEY_UISupportedInterfaceOrientations_iPad = "UIInterfaceOrientationLandscapeLeft UIInterfaceOrientationLandscapeRight UIInterfaceOrientationPortrait UIInterfaceOrientationPortraitUpsideDown";
				IPHONEOS_DEPLOYMENT_TARGET = "$(inherited)";
				LD_RUNPATH_SEARCH_PATHS = (
					"$(inherited)",
					"@executable_path/Frameworks",
				);
				MACOSX_DEPLOYMENT_TARGET = "$(inherited)";
				MARKETING_VERSION = "${MARKETING_VERSION}";
				PRODUCT_BUNDLE_IDENTIFIER = net.devsci.den;
				PRODUCT_NAME = $PRODUCT_NAME;
				PROVISIONING_PROFILE_SPECIFIER = "";
				SUPPORTED_PLATFORMS = "iphoneos iphonesimulator macosx";
				SUPPORTS_MACCATALYST = NO;
				SUPPORTS_MAC_DESIGNED_FOR_IPHONE_IPAD = NO;
				SUPPORTS_XR_DESIGNED_FOR_IPHONE_IPAD = NO;
				SWIFT_EMIT_LOC_STRINGS = YES;
				TARGETED_DEVICE_FAMILY = "1,2,6";
			};
			name = Release;
		};
		68CC01302BDF0D9C00E723DC /* Debug */ = {
			isa = XCBuildConfiguration;
			buildSettings = {
				ASSETCATALOG_COMPILER_GLOBAL_ACCENT_COLOR_NAME = AccentColor;
				ASSETCATALOG_COMPILER_WIDGET_BACKGROUND_COLOR_NAME = WidgetBackground;
				CLANG_CXX_LANGUAGE_STANDARD = "gnu++20";
				CODE_SIGN_ENTITLEMENTS = WidgetExtension/WidgetExtension.entitlements;
				CODE_SIGN_IDENTITY = "Apple Development";
				CODE_SIGN_STYLE = Automatic;
				CURRENT_PROJECT_VERSION = "$(CURRENT_PROJECT_VERSION)";
				DEAD_CODE_STRIPPING = YES;
				DEVELOPMENT_TEAM = N7TC759VWV;
				ENABLE_HARDENED_RUNTIME = YES;
				ENABLE_USER_SCRIPT_SANDBOXING = YES;
				GCC_C_LANGUAGE_STANDARD = gnu17;
				GENERATE_INFOPLIST_FILE = YES;
				INFOPLIST_FILE = WidgetExtension/Info.plist;
				INFOPLIST_KEY_CFBundleDisplayName = "Den Widget Extension";
				INFOPLIST_KEY_NSHumanReadableCopyright = "Copyright © 2020-2024 Garrett Johnson";
				IPHONEOS_DEPLOYMENT_TARGET = "$(inherited)";
				LD_RUNPATH_SEARCH_PATHS = (
					"$(inherited)",
					"@executable_path/Frameworks",
					"@executable_path/../../Frameworks",
				);
				"LD_RUNPATH_SEARCH_PATHS[sdk=macosx*]" = (
					"$(inherited)",
					"@executable_path/../Frameworks",
					"@executable_path/../../../../Frameworks",
				);
				LOCALIZATION_EXPORT_SUPPORTED = YES;
				LOCALIZATION_PREFERS_STRING_CATALOGS = YES;
				MACOSX_DEPLOYMENT_TARGET = "$(inherited)";
				MARKETING_VERSION = "${MARKETING_VERSION}";
				PRODUCT_BUNDLE_IDENTIFIER = net.devsci.den.widgets;
				PRODUCT_NAME = "Den Widget Extension";
				SDKROOT = auto;
				SKIP_INSTALL = YES;
				SUPPORTED_PLATFORMS = "iphoneos iphonesimulator macosx";
				SWIFT_ACTIVE_COMPILATION_CONDITIONS = "DEBUG $(inherited)";
				SWIFT_EMIT_LOC_STRINGS = YES;
				TARGETED_DEVICE_FAMILY = "1,2";
			};
			name = Debug;
		};
		68CC01312BDF0D9C00E723DC /* Release */ = {
			isa = XCBuildConfiguration;
			buildSettings = {
				ASSETCATALOG_COMPILER_GLOBAL_ACCENT_COLOR_NAME = AccentColor;
				ASSETCATALOG_COMPILER_WIDGET_BACKGROUND_COLOR_NAME = WidgetBackground;
				CLANG_CXX_LANGUAGE_STANDARD = "gnu++20";
				CODE_SIGN_ENTITLEMENTS = WidgetExtension/WidgetExtension.entitlements;
				CODE_SIGN_IDENTITY = "Apple Development";
				CODE_SIGN_STYLE = Automatic;
				CURRENT_PROJECT_VERSION = "$(CURRENT_PROJECT_VERSION)";
				DEAD_CODE_STRIPPING = YES;
				DEVELOPMENT_TEAM = N7TC759VWV;
				ENABLE_HARDENED_RUNTIME = YES;
				ENABLE_USER_SCRIPT_SANDBOXING = YES;
				GCC_C_LANGUAGE_STANDARD = gnu17;
				GENERATE_INFOPLIST_FILE = YES;
				INFOPLIST_FILE = WidgetExtension/Info.plist;
				INFOPLIST_KEY_CFBundleDisplayName = "Den Widget Extension";
				INFOPLIST_KEY_NSHumanReadableCopyright = "Copyright © 2020-2024 Garrett Johnson";
				IPHONEOS_DEPLOYMENT_TARGET = "$(inherited)";
				LD_RUNPATH_SEARCH_PATHS = (
					"$(inherited)",
					"@executable_path/Frameworks",
					"@executable_path/../../Frameworks",
				);
				"LD_RUNPATH_SEARCH_PATHS[sdk=macosx*]" = (
					"$(inherited)",
					"@executable_path/../Frameworks",
					"@executable_path/../../../../Frameworks",
				);
				LOCALIZATION_EXPORT_SUPPORTED = YES;
				LOCALIZATION_PREFERS_STRING_CATALOGS = YES;
				MACOSX_DEPLOYMENT_TARGET = "$(inherited)";
				MARKETING_VERSION = "${MARKETING_VERSION}";
				PRODUCT_BUNDLE_IDENTIFIER = net.devsci.den.widgets;
				PRODUCT_NAME = "Den Widget Extension";
				SDKROOT = auto;
				SKIP_INSTALL = YES;
				SUPPORTED_PLATFORMS = "iphoneos iphonesimulator macosx";
				SWIFT_EMIT_LOC_STRINGS = YES;
				TARGETED_DEVICE_FAMILY = "1,2";
			};
			name = Release;
		};
		68E83C022A6004590014DC64 /* Debug */ = {
			isa = XCBuildConfiguration;
			buildSettings = {
				CLANG_CXX_LANGUAGE_STANDARD = "gnu++20";
				CODE_SIGN_STYLE = Automatic;
				CURRENT_PROJECT_VERSION = 1;
				DEAD_CODE_STRIPPING = YES;
				DEVELOPMENT_TEAM = N7TC759VWV;
				GCC_C_LANGUAGE_STANDARD = gnu17;
				GENERATE_INFOPLIST_FILE = YES;
				INFOPLIST_KEY_NSHumanReadableCopyright = "Copyright © 2020-2024 Garrett Johnson";
				IPHONEOS_DEPLOYMENT_TARGET = "${inherited}";
				LOCALIZATION_EXPORT_SUPPORTED = NO;
				LOCALIZATION_PREFERS_STRING_CATALOGS = YES;
				MACOSX_DEPLOYMENT_TARGET = "${inherited}";
				MARKETING_VERSION = 1.0;
				PRODUCT_BUNDLE_IDENTIFIER = "net.devsci.den.ui-tests";
				PRODUCT_NAME = "$(TARGET_NAME)";
				SDKROOT = auto;
				SUPPORTED_PLATFORMS = "iphoneos iphonesimulator macosx";
				SWIFT_ACTIVE_COMPILATION_CONDITIONS = "DEBUG $(inherited)";
				SWIFT_EMIT_LOC_STRINGS = NO;
				TARGETED_DEVICE_FAMILY = "1,2";
				TEST_TARGET_NAME = Den;
			};
			name = Debug;
		};
		68E83C032A6004590014DC64 /* Release */ = {
			isa = XCBuildConfiguration;
			buildSettings = {
				CLANG_CXX_LANGUAGE_STANDARD = "gnu++20";
				CODE_SIGN_STYLE = Automatic;
				CURRENT_PROJECT_VERSION = 1;
				DEAD_CODE_STRIPPING = YES;
				DEVELOPMENT_TEAM = N7TC759VWV;
				GCC_C_LANGUAGE_STANDARD = gnu17;
				GENERATE_INFOPLIST_FILE = YES;
				INFOPLIST_KEY_NSHumanReadableCopyright = "Copyright © 2020-2024 Garrett Johnson";
				IPHONEOS_DEPLOYMENT_TARGET = "${inherited}";
				LOCALIZATION_EXPORT_SUPPORTED = NO;
				LOCALIZATION_PREFERS_STRING_CATALOGS = YES;
				MACOSX_DEPLOYMENT_TARGET = "${inherited}";
				MARKETING_VERSION = 1.0;
				PRODUCT_BUNDLE_IDENTIFIER = "net.devsci.den.ui-tests";
				PRODUCT_NAME = "$(TARGET_NAME)";
				SDKROOT = auto;
				SUPPORTED_PLATFORMS = "iphoneos iphonesimulator macosx";
				SWIFT_EMIT_LOC_STRINGS = NO;
				TARGETED_DEVICE_FAMILY = "1,2";
				TEST_TARGET_NAME = Den;
			};
			name = Release;
		};
/* End XCBuildConfiguration section */

/* Begin XCConfigurationList section */
		686069472831501B000068DE /* Build configuration list for PBXNativeTarget "Safari Extension" */ = {
			isa = XCConfigurationList;
			buildConfigurations = (
				686069432831501B000068DE /* Debug */,
				686069442831501B000068DE /* Release */,
			);
			defaultConfigurationIsVisible = 0;
			defaultConfigurationName = Release;
		};
		68C41304247263C700D1DC7B /* Build configuration list for PBXProject "Den" */ = {
			isa = XCConfigurationList;
			buildConfigurations = (
				68C41336247263C700D1DC7B /* Debug */,
				68C41337247263C700D1DC7B /* Release */,
			);
			defaultConfigurationIsVisible = 0;
			defaultConfigurationName = Release;
		};
		68C41338247263C700D1DC7B /* Build configuration list for PBXNativeTarget "Den" */ = {
			isa = XCConfigurationList;
			buildConfigurations = (
				68C41339247263C700D1DC7B /* Debug */,
				68C4133A247263C700D1DC7B /* Release */,
			);
			defaultConfigurationIsVisible = 0;
			defaultConfigurationName = Release;
		};
		68CC01322BDF0D9C00E723DC /* Build configuration list for PBXNativeTarget "Widget Extension" */ = {
			isa = XCConfigurationList;
			buildConfigurations = (
				68CC01302BDF0D9C00E723DC /* Debug */,
				68CC01312BDF0D9C00E723DC /* Release */,
			);
			defaultConfigurationIsVisible = 0;
			defaultConfigurationName = Release;
		};
		68E83C012A6004590014DC64 /* Build configuration list for PBXNativeTarget "UI Tests" */ = {
			isa = XCConfigurationList;
			buildConfigurations = (
				68E83C022A6004590014DC64 /* Debug */,
				68E83C032A6004590014DC64 /* Release */,
			);
			defaultConfigurationIsVisible = 0;
			defaultConfigurationName = Release;
		};
/* End XCConfigurationList section */

/* Begin XCRemoteSwiftPackageReference section */
		681DE1052922CFD400D2F7B2 /* XCRemoteSwiftPackageReference "SDWebImageSVGCoder" */ = {
			isa = XCRemoteSwiftPackageReference;
			repositoryURL = "https://github.com/SDWebImage/SDWebImageSVGCoder";
			requirement = {
				kind = upToNextMajorVersion;
				minimumVersion = 1.0.0;
			};
		};
		6897D52426B91C0100833DDA /* XCRemoteSwiftPackageReference "swift-html-entities" */ = {
			isa = XCRemoteSwiftPackageReference;
			repositoryURL = "https://github.com/Kitura/swift-html-entities.git";
			requirement = {
				kind = upToNextMajorVersion;
				minimumVersion = 4.0.0;
			};
		};
		6897D52A26B91C3C00833DDA /* XCRemoteSwiftPackageReference "SwiftSoup" */ = {
			isa = XCRemoteSwiftPackageReference;
			repositoryURL = "https://github.com/scinfu/SwiftSoup.git";
			requirement = {
				kind = exactVersion;
				version = 2.7.2;
			};
		};
		68B34A6A24880ADE0066B215 /* XCRemoteSwiftPackageReference "AEXML" */ = {
			isa = XCRemoteSwiftPackageReference;
			repositoryURL = "https://github.com/tadija/AEXML.git";
			requirement = {
				kind = upToNextMajorVersion;
				minimumVersion = 4.5.0;
			};
		};
		68CD8B852C5C946600AF0124 /* XCRemoteSwiftPackageReference "SwiftLintPlugins" */ = {
			isa = XCRemoteSwiftPackageReference;
			repositoryURL = "https://github.com/SimplyDanny/SwiftLintPlugins";
			requirement = {
				kind = upToNextMajorVersion;
				minimumVersion = 0.55.1;
			};
		};
		68EBB58F2BC3BD1B0014305F /* XCRemoteSwiftPackageReference "SDWebImageWebPCoder" */ = {
			isa = XCRemoteSwiftPackageReference;
			repositoryURL = "https://github.com/SDWebImage/SDWebImageWebPCoder";
			requirement = {
				kind = upToNextMajorVersion;
				minimumVersion = 0.14.5;
			};
		};
		68EE91E928D54C66000C00D2 /* XCRemoteSwiftPackageReference "SDWebImageSwiftUI" */ = {
			isa = XCRemoteSwiftPackageReference;
			repositoryURL = "https://github.com/SDWebImage/SDWebImageSwiftUI";
			requirement = {
				kind = upToNextMajorVersion;
				minimumVersion = 3.0.0;
			};
		};
		68FB95112BE7F47E004EFA73 /* XCRemoteSwiftPackageReference "FeedKit" */ = {
			isa = XCRemoteSwiftPackageReference;
			repositoryURL = "https://github.com/garrettrayj/FeedKit";
			requirement = {
				branch = master;
				kind = branch;
			};
		};
/* End XCRemoteSwiftPackageReference section */

/* Begin XCSwiftPackageProductDependency section */
		681DE1062922CFD400D2F7B2 /* SDWebImageSVGCoder */ = {
			isa = XCSwiftPackageProductDependency;
			package = 681DE1052922CFD400D2F7B2 /* XCRemoteSwiftPackageReference "SDWebImageSVGCoder" */;
			productName = SDWebImageSVGCoder;
		};
		686319922C0DFA5F007C95E7 /* FeedKit */ = {
			isa = XCSwiftPackageProductDependency;
			package = 68FB95112BE7F47E004EFA73 /* XCRemoteSwiftPackageReference "FeedKit" */;
			productName = FeedKit;
		};
		6871CFE92BE31FDE0039FD3E /* SDWebImageSwiftUI */ = {
			isa = XCSwiftPackageProductDependency;
			package = 68EE91E928D54C66000C00D2 /* XCRemoteSwiftPackageReference "SDWebImageSwiftUI" */;
			productName = SDWebImageSwiftUI;
		};
		6897D52526B91C0100833DDA /* HTMLEntities */ = {
			isa = XCSwiftPackageProductDependency;
			package = 6897D52426B91C0100833DDA /* XCRemoteSwiftPackageReference "swift-html-entities" */;
			productName = HTMLEntities;
		};
		6897D52B26B91C3C00833DDA /* SwiftSoup */ = {
			isa = XCSwiftPackageProductDependency;
			package = 6897D52A26B91C3C00833DDA /* XCRemoteSwiftPackageReference "SwiftSoup" */;
			productName = SwiftSoup;
		};
		68A5A1522BE194B000FEA8D3 /* SwiftSoup */ = {
			isa = XCSwiftPackageProductDependency;
			package = 6897D52A26B91C3C00833DDA /* XCRemoteSwiftPackageReference "SwiftSoup" */;
			productName = SwiftSoup;
		};
		68A5A1542BE194BF00FEA8D3 /* HTMLEntities */ = {
			isa = XCSwiftPackageProductDependency;
			package = 6897D52426B91C0100833DDA /* XCRemoteSwiftPackageReference "swift-html-entities" */;
			productName = HTMLEntities;
		};
		68B34A6B24880ADE0066B215 /* AEXML */ = {
			isa = XCSwiftPackageProductDependency;
			package = 68B34A6A24880ADE0066B215 /* XCRemoteSwiftPackageReference "AEXML" */;
			productName = AEXML;
		};
		68CD8B862C5C949A00AF0124 /* SwiftLintBuildToolPlugin */ = {
			isa = XCSwiftPackageProductDependency;
			package = 68CD8B852C5C946600AF0124 /* XCRemoteSwiftPackageReference "SwiftLintPlugins" */;
			productName = "plugin:SwiftLintBuildToolPlugin";
		};
		68CD8B882C5C94A400AF0124 /* SwiftLintBuildToolPlugin */ = {
			isa = XCSwiftPackageProductDependency;
			package = 68CD8B852C5C946600AF0124 /* XCRemoteSwiftPackageReference "SwiftLintPlugins" */;
			productName = "plugin:SwiftLintBuildToolPlugin";
		};
		68CD8B8A2C5C94B400AF0124 /* SwiftLintBuildToolPlugin */ = {
			isa = XCSwiftPackageProductDependency;
			package = 68CD8B852C5C946600AF0124 /* XCRemoteSwiftPackageReference "SwiftLintPlugins" */;
			productName = "plugin:SwiftLintBuildToolPlugin";
		};
		68EBB5902BC3BD1B0014305F /* SDWebImageWebPCoder */ = {
			isa = XCSwiftPackageProductDependency;
			package = 68EBB58F2BC3BD1B0014305F /* XCRemoteSwiftPackageReference "SDWebImageWebPCoder" */;
			productName = SDWebImageWebPCoder;
		};
		68EE91EA28D54C66000C00D2 /* SDWebImageSwiftUI */ = {
			isa = XCSwiftPackageProductDependency;
			package = 68EE91E928D54C66000C00D2 /* XCRemoteSwiftPackageReference "SDWebImageSwiftUI" */;
			productName = SDWebImageSwiftUI;
		};
		68FB950D2BE6A688004EFA73 /* SDWebImageSVGCoder */ = {
			isa = XCSwiftPackageProductDependency;
			package = 681DE1052922CFD400D2F7B2 /* XCRemoteSwiftPackageReference "SDWebImageSVGCoder" */;
			productName = SDWebImageSVGCoder;
		};
		68FB950F2BE6A691004EFA73 /* SDWebImageWebPCoder */ = {
			isa = XCSwiftPackageProductDependency;
			package = 68EBB58F2BC3BD1B0014305F /* XCRemoteSwiftPackageReference "SDWebImageWebPCoder" */;
			productName = SDWebImageWebPCoder;
		};
		68FB95122BE7F47E004EFA73 /* FeedKit */ = {
			isa = XCSwiftPackageProductDependency;
			package = 68FB95112BE7F47E004EFA73 /* XCRemoteSwiftPackageReference "FeedKit" */;
			productName = FeedKit;
		};
/* End XCSwiftPackageProductDependency section */
	};
	rootObject = 68C41301247263C700D1DC7B /* Project object */;
}
