// !$*UTF8*$!
{
	archiveVersion = 1;
	classes = {
	};
	objectVersion = 52;
	objects = {

/* Begin PBXBuildFile section */
		6808F4442737B31E00AEEDAC /* IconProgressStyle.swift in Sources */ = {isa = PBXBuildFile; fileRef = 6808F4432737B31E00AEEDAC /* IconProgressStyle.swift */; };
		6809EFCB24DD3B39007B5CF1 /* FeedKitFeed+Extensions.swift in Sources */ = {isa = PBXBuildFile; fileRef = 6809EFCA24DD3B39007B5CF1 /* FeedKitFeed+Extensions.swift */; };
		6809EFCD24DD49C9007B5CF1 /* ParseFeedDataOperation.swift in Sources */ = {isa = PBXBuildFile; fileRef = 6809EFCC24DD49C9007B5CF1 /* ParseFeedDataOperation.swift */; };
		6809EFD524DDEEF7007B5CF1 /* SaveFaviconOperation.swift in Sources */ = {isa = PBXBuildFile; fileRef = 6809EFD424DDEEF7007B5CF1 /* SaveFaviconOperation.swift */; };
		6809EFDB24DF27E8007B5CF1 /* CacheManager.swift in Sources */ = {isa = PBXBuildFile; fileRef = 6809EFDA24DF27E8007B5CF1 /* CacheManager.swift */; };
		680E57E624D29F2200196F6D /* Page+CoreDataClass.swift in Sources */ = {isa = PBXBuildFile; fileRef = 680E57DC24D29F2200196F6D /* Page+CoreDataClass.swift */; };
		680E57E824D29F2200196F6D /* FeedData+CoreDataClass.swift in Sources */ = {isa = PBXBuildFile; fileRef = 680E57DE24D29F2200196F6D /* FeedData+CoreDataClass.swift */; };
		680E57EA24D29F2200196F6D /* Item+CoreDataClass.swift in Sources */ = {isa = PBXBuildFile; fileRef = 680E57E024D29F2200196F6D /* Item+CoreDataClass.swift */; };
		6813FCF82746436900EC88A5 /* AxisGeometryReader.swift in Sources */ = {isa = PBXBuildFile; fileRef = 6813FCF72746436900EC88A5 /* AxisGeometryReader.swift */; };
		6813FD0B2748DE1100EC88A5 /* main.swift in Sources */ = {isa = PBXBuildFile; fileRef = 6813FD0A2748DE1100EC88A5 /* main.swift */; };
		681E6F132741AD8F00C74590 /* FormRowModifier.swift in Sources */ = {isa = PBXBuildFile; fileRef = 681E6F122741AD8F00C74590 /* FormRowModifier.swift */; };
		682C78B327969D1A00004102 /* ToolbarLabelStyle.swift in Sources */ = {isa = PBXBuildFile; fileRef = 682C78B227969D1A00004102 /* ToolbarLabelStyle.swift */; };
		683041B02754199A00BE7631 /* GroupBlockModifier.swift in Sources */ = {isa = PBXBuildFile; fileRef = 683041AF2754199A00BE7631 /* GroupBlockModifier.swift */; };
		683041B227542E2000BE7631 /* BoardView.swift in Sources */ = {isa = PBXBuildFile; fileRef = 683041B127542E2000BE7631 /* BoardView.swift */; };
		683041B627543CE900BE7631 /* ShowcaseSectionView.swift in Sources */ = {isa = PBXBuildFile; fileRef = 683041B527543CE900BE7631 /* ShowcaseSectionView.swift */; };
		683041B827543E0400BE7631 /* FeedViewModel.swift in Sources */ = {isa = PBXBuildFile; fileRef = 683041B727543E0400BE7631 /* FeedViewModel.swift */; };
		683041BA27543E9800BE7631 /* PageViewModel.swift in Sources */ = {isa = PBXBuildFile; fileRef = 683041B927543E9800BE7631 /* PageViewModel.swift */; };
		683041BE275470E300BE7631 /* ProfileViewModel.swift in Sources */ = {isa = PBXBuildFile; fileRef = 683041BD275470E300BE7631 /* ProfileViewModel.swift */; };
		6832AF262789419700CFC8CA /* ProfileView.swift in Sources */ = {isa = PBXBuildFile; fileRef = 6832AF252789419700CFC8CA /* ProfileView.swift */; };
		6832AF2A278AAB5A00CFC8CA /* SettingsViewModel.swift in Sources */ = {isa = PBXBuildFile; fileRef = 6832AF29278AAB5A00CFC8CA /* SettingsViewModel.swift */; };
		6832AF2C278B889300CFC8CA /* StatusBoxView.swift in Sources */ = {isa = PBXBuildFile; fileRef = 6832AF2B278B889300CFC8CA /* StatusBoxView.swift */; };
		6832AF2E278BA6A800CFC8CA /* SearchResultsView.swift in Sources */ = {isa = PBXBuildFile; fileRef = 6832AF2D278BA6A800CFC8CA /* SearchResultsView.swift */; };
		683CEC60250966410005F305 /* Bundle+Extensions.swift in Sources */ = {isa = PBXBuildFile; fileRef = 683CEC5F250966410005F305 /* Bundle+Extensions.swift */; };
		6845BCF224EBE45A0008B296 /* JSONFeedItem+Extensions.swift in Sources */ = {isa = PBXBuildFile; fileRef = 6845BCF124EBE45A0008B296 /* JSONFeedItem+Extensions.swift */; };
		6845BCF424EBE4750008B296 /* AtomFeed+Extensions.swift in Sources */ = {isa = PBXBuildFile; fileRef = 6845BCF324EBE4750008B296 /* AtomFeed+Extensions.swift */; };
		6845BCF624EBE49A0008B296 /* JSONFeed+Extensions.swift in Sources */ = {isa = PBXBuildFile; fileRef = 6845BCF524EBE49A0008B296 /* JSONFeed+Extensions.swift */; };
		6845BCF824EBE4AD0008B296 /* RSSFeed+Extensions.swift in Sources */ = {isa = PBXBuildFile; fileRef = 6845BCF724EBE4AD0008B296 /* RSSFeed+Extensions.swift */; };
		6845BCFE24EC00DA0008B296 /* FeedIcon.png in Resources */ = {isa = PBXBuildFile; fileRef = 6845BCFD24EC00DA0008B296 /* FeedIcon.png */; };
		6845BD0624EDCB9C0008B296 /* ImportViewModel.swift in Sources */ = {isa = PBXBuildFile; fileRef = 6845BD0524EDCB9C0008B296 /* ImportViewModel.swift */; };
		6845BD0E24EFB2AC0008B296 /* .gitignore in Resources */ = {isa = PBXBuildFile; fileRef = 6845BD0D24EFB2AC0008B296 /* .gitignore */; };
		6845BD1124EFB8AD0008B296 /* Demo.opml in Resources */ = {isa = PBXBuildFile; fileRef = 6845BD1024EFB8AD0008B296 /* Demo.opml */; };
		6845BD4E24F6824C0008B296 /* CloudKit.framework in Frameworks */ = {isa = PBXBuildFile; fileRef = 6845BD4D24F6824C0008B296 /* CloudKit.framework */; };
		6845BD5024F6A4080008B296 /* SaveFeedOperation.swift in Sources */ = {isa = PBXBuildFile; fileRef = 6845BD4F24F6A4080008B296 /* SaveFeedOperation.swift */; };
		6845BD5824F90F450008B296 /* String+Extensions.swift in Sources */ = {isa = PBXBuildFile; fileRef = 6845BD5724F90F450008B296 /* String+Extensions.swift */; };
		684D5A44249BC0CB00EACCC9 /* ImportDocumentPicker.swift in Sources */ = {isa = PBXBuildFile; fileRef = 684D5A43249BC0CB00EACCC9 /* ImportDocumentPicker.swift */; };
		684DF9FF24B64AC20023D6DB /* RSSFeedItem+Extensions.swift in Sources */ = {isa = PBXBuildFile; fileRef = 684DF9FE24B64AC20023D6DB /* RSSFeedItem+Extensions.swift */; };
		684DFA0124B6515A0023D6DB /* AtomFeedEntry+Extensions.swift in Sources */ = {isa = PBXBuildFile; fileRef = 684DFA0024B6515A0023D6DB /* AtomFeedEntry+Extensions.swift */; };
		684DFA0324BAC7680023D6DB /* MIMETypes.swift in Sources */ = {isa = PBXBuildFile; fileRef = 684DFA0224BAC7680023D6DB /* MIMETypes.swift */; };
		684DFA0524BC39EB0023D6DB /* RefreshableScrollView.swift in Sources */ = {isa = PBXBuildFile; fileRef = 684DFA0424BC39EB0023D6DB /* RefreshableScrollView.swift */; };
		685637282793C879000AE604 /* RegularButtonStyle.swift in Sources */ = {isa = PBXBuildFile; fileRef = 685637272793C879000AE604 /* RegularButtonStyle.swift */; };
		685ECB1126EE611000A3B184 /* SidebarPageView.swift in Sources */ = {isa = PBXBuildFile; fileRef = 685ECB1026EE611000A3B184 /* SidebarPageView.swift */; };
		6865452C274A288A00BAE03E /* PinnedSectionHeaderModifier.swift in Sources */ = {isa = PBXBuildFile; fileRef = 6865452B274A288A00BAE03E /* PinnedSectionHeaderModifier.swift */; };
		6865452E274AAB2A00BAE03E /* TitleTextFieldModifier.swift in Sources */ = {isa = PBXBuildFile; fileRef = 6865452D274AAB2A00BAE03E /* TitleTextFieldModifier.swift */; };
		68654531274AC3B600BAE03E /* PageSymbols.plist in Resources */ = {isa = PBXBuildFile; fileRef = 6865452F274AC3B600BAE03E /* PageSymbols.plist */; };
		6865453E274ACD1500BAE03E /* VeronicaScript.otf in Resources */ = {isa = PBXBuildFile; fileRef = 6865453A274ACD1500BAE03E /* VeronicaScript.otf */; };
		6865453F274ACD1500BAE03E /* Monotype Font Software End User License Agreement.html in Resources */ = {isa = PBXBuildFile; fileRef = 6865453C274ACD1500BAE03E /* Monotype Font Software End User License Agreement.html */; };
		68654540274ACD1500BAE03E /* FONT SOFTWARE FOR MOBILE APPLICATIONS END USER LICENSE AGREEMENT.html in Resources */ = {isa = PBXBuildFile; fileRef = 6865453D274ACD1500BAE03E /* FONT SOFTWARE FOR MOBILE APPLICATIONS END USER LICENSE AGREEMENT.html */; };
		686C384227405FA900662D84 /* Notification+Extensions.swift in Sources */ = {isa = PBXBuildFile; fileRef = 686C384127405FA900662D84 /* Notification+Extensions.swift */; };
		68701DDF273A6DC100C6BB69 /* ExportViewModel.swift in Sources */ = {isa = PBXBuildFile; fileRef = 68701DDE273A6DC100C6BB69 /* ExportViewModel.swift */; };
		68701DE1273BAEB700C6BB69 /* SectionHeaderModifier.swift in Sources */ = {isa = PBXBuildFile; fileRef = 68701DE0273BAEB700C6BB69 /* SectionHeaderModifier.swift */; };
		68701DE3273BD42D00C6BB69 /* FeedView.swift in Sources */ = {isa = PBXBuildFile; fileRef = 68701DE2273BD42D00C6BB69 /* FeedView.swift */; };
		68701DF1273E471F00C6BB69 /* ToolbarProgressStyle.swift in Sources */ = {isa = PBXBuildFile; fileRef = 68701DF0273E471F00C6BB69 /* ToolbarProgressStyle.swift */; };
		68701DF3273E4CEF00C6BB69 /* FeedTitleButtonStyle.swift in Sources */ = {isa = PBXBuildFile; fileRef = 68701DF2273E4CEF00C6BB69 /* FeedTitleButtonStyle.swift */; };
		68701DF5273E4F2B00C6BB69 /* RefreshManager.swift in Sources */ = {isa = PBXBuildFile; fileRef = 68701DF4273E4F2B00C6BB69 /* RefreshManager.swift */; };
		68701DF7273E51AC00C6BB69 /* CrashManager.swift in Sources */ = {isa = PBXBuildFile; fileRef = 68701DF6273E51AC00C6BB69 /* CrashManager.swift */; };
		68701DF9273E559C00C6BB69 /* ProfileManager.swift in Sources */ = {isa = PBXBuildFile; fileRef = 68701DF8273E559C00C6BB69 /* ProfileManager.swift */; };
		68701DFB273E57DB00C6BB69 /* LinkManager.swift in Sources */ = {isa = PBXBuildFile; fileRef = 68701DFA273E57DB00C6BB69 /* LinkManager.swift */; };
		68701E01273E6A5400C6BB69 /* SubscriptionManager.swift in Sources */ = {isa = PBXBuildFile; fileRef = 68701E00273E6A5400C6BB69 /* SubscriptionManager.swift */; };
		68701E03273E76D800C6BB69 /* ThemeManager.swift in Sources */ = {isa = PBXBuildFile; fileRef = 68701E02273E76D800C6BB69 /* ThemeManager.swift */; };
		68710C55259825BA007B2507 /* AppDelegate.swift in Sources */ = {isa = PBXBuildFile; fileRef = 68710C54259825BA007B2507 /* AppDelegate.swift */; };
		68710CB8259F8C8A007B2507 /* Logger+Extensions.swift in Sources */ = {isa = PBXBuildFile; fileRef = 68710CB7259F8C8A007B2507 /* Logger+Extensions.swift */; };
		687C27792631F6A000099FCA /* FileManager+Extensions.swift in Sources */ = {isa = PBXBuildFile; fileRef = 687C27782631F6A000099FCA /* FileManager+Extensions.swift */; };
		687C27982634A89A00099FCA /* ShakeModifier.swift in Sources */ = {isa = PBXBuildFile; fileRef = 687C27972634A89A00099FCA /* ShakeModifier.swift */; };
		687D9CB024A8CABD00EB7F46 /* OPMLWriter.swift in Sources */ = {isa = PBXBuildFile; fileRef = 687D9CAF24A8CABD00EB7F46 /* OPMLWriter.swift */; };
		687D9CB824A9CA2A00EB7F46 /* GadgetItemView.swift in Sources */ = {isa = PBXBuildFile; fileRef = 687D9CB724A9CA2A00EB7F46 /* GadgetItemView.swift */; };
		687D9CC624AE38BD00EB7F46 /* DataTaskOperation.swift in Sources */ = {isa = PBXBuildFile; fileRef = 687D9CC524AE38BD00EB7F46 /* DataTaskOperation.swift */; };
		687D9CD924B38FF100EB7F46 /* AsynchronousOperation.swift in Sources */ = {isa = PBXBuildFile; fileRef = 687D9CD824B38FF100EB7F46 /* AsynchronousOperation.swift */; };
		687D9CDD24B3E31400EB7F46 /* MetadataOperation.swift in Sources */ = {isa = PBXBuildFile; fileRef = 687D9CDC24B3E31400EB7F46 /* MetadataOperation.swift */; };
		687F488E2690819F00EA2498 /* View+Extensions.swift in Sources */ = {isa = PBXBuildFile; fileRef = 687F488D2690819F00EA2498 /* View+Extensions.swift */; };
		687F4890269165EE00EA2498 /* CrashMessageView.swift in Sources */ = {isa = PBXBuildFile; fileRef = 687F488F269165EE00EA2498 /* CrashMessageView.swift */; };
		6880E1E526B4508A00A8E3E8 /* PadScreenshots.swift in Sources */ = {isa = PBXBuildFile; fileRef = 6880E1E426B4508A00A8E3E8 /* PadScreenshots.swift */; };
		6880E1E726B450B900A8E3E8 /* MacScreenshots.swift in Sources */ = {isa = PBXBuildFile; fileRef = 6880E1E626B450B900A8E3E8 /* MacScreenshots.swift */; };
		6880E1E926B4591900A8E3E8 /* ScreenshotTestCase.swift in Sources */ = {isa = PBXBuildFile; fileRef = 6880E1E826B4591900A8E3E8 /* ScreenshotTestCase.swift */; };
		6880E1EB26B4615500A8E3E8 /* screenshots.sh in Resources */ = {isa = PBXBuildFile; fileRef = 689EDC1326A3FE940055811A /* screenshots.sh */; };
		6885C42226D37259002C41B0 /* FeedTitleLabelView.swift in Sources */ = {isa = PBXBuildFile; fileRef = 6885C42126D37259002C41B0 /* FeedTitleLabelView.swift */; };
		6885C42426D4CBB4002C41B0 /* SecurityCheckViewModel.swift in Sources */ = {isa = PBXBuildFile; fileRef = 6885C42326D4CBB4002C41B0 /* SecurityCheckViewModel.swift */; };
		6885C42626D4D385002C41B0 /* FeedCheckOperation.swift in Sources */ = {isa = PBXBuildFile; fileRef = 6885C42526D4D385002C41B0 /* FeedCheckOperation.swift */; };
		6885C42A26D77F77002C41B0 /* UIImage+Extensions.swift in Sources */ = {isa = PBXBuildFile; fileRef = 6885C42926D77F77002C41B0 /* UIImage+Extensions.swift */; };
		6885FD0E24819446007A3D5B /* ItemButtonStyle.swift in Sources */ = {isa = PBXBuildFile; fileRef = 6885FD0D24819446007A3D5B /* ItemButtonStyle.swift */; };
		6887D40925B35B83004A170D /* History+CoreDataClass.swift in Sources */ = {isa = PBXBuildFile; fileRef = 6887D40825B35B83004A170D /* History+CoreDataClass.swift */; };
		6887D41C25B6D016004A170D /* Feed+CoreDataClass.swift in Sources */ = {isa = PBXBuildFile; fileRef = 6887D41B25B6D016004A170D /* Feed+CoreDataClass.swift */; };
		688FD918247750350006A2DE /* PageSettingsView.swift in Sources */ = {isa = PBXBuildFile; fileRef = 688FD917247750350006A2DE /* PageSettingsView.swift */; };
		688FD931247A34830006A2DE /* FeedSettingsView.swift in Sources */ = {isa = PBXBuildFile; fileRef = 688FD930247A34830006A2DE /* FeedSettingsView.swift */; };
		68915AFC2618CF6D00E4C0CB /* WorkingItem.swift in Sources */ = {isa = PBXBuildFile; fileRef = 68915AFB2618CF6D00E4C0CB /* WorkingItem.swift */; };
		68915B012618CF7B00E4C0CB /* WorkingFeedData.swift in Sources */ = {isa = PBXBuildFile; fileRef = 68915B002618CF7B00E4C0CB /* WorkingFeedData.swift */; };
		68915B1E261C253E00E4C0CB /* SaveItemImageOperation.swift in Sources */ = {isa = PBXBuildFile; fileRef = 68915B1D261C253E00E4C0CB /* SaveItemImageOperation.swift */; };
		68915B232623273600E4C0CB /* DownloadItemImagesOperation.swift in Sources */ = {isa = PBXBuildFile; fileRef = 68915B222623273600E4C0CB /* DownloadItemImagesOperation.swift */; };
		689460842596A7BB00ED4064 /* PersistenceManager.swift in Sources */ = {isa = PBXBuildFile; fileRef = 689460812596A7BB00ED4064 /* PersistenceManager.swift */; };
		689460852596A7BB00ED4064 /* DenApp.swift in Sources */ = {isa = PBXBuildFile; fileRef = 689460822596A7BB00ED4064 /* DenApp.swift */; };
		6897D52626B91C0100833DDA /* HTMLEntities in Frameworks */ = {isa = PBXBuildFile; productRef = 6897D52526B91C0100833DDA /* HTMLEntities */; };
		6897D52C26B91C3C00833DDA /* SwiftSoup in Frameworks */ = {isa = PBXBuildFile; productRef = 6897D52B26B91C3C00833DDA /* SwiftSoup */; };
		6897D52F26B91C5800833DDA /* FeedKit in Frameworks */ = {isa = PBXBuildFile; productRef = 6897D52E26B91C5800833DDA /* FeedKit */; };
		68998B852504C87400FDB6EE /* SearchView.swift in Sources */ = {isa = PBXBuildFile; fileRef = 68998B842504C87400FDB6EE /* SearchView.swift */; };
		68998B892504DDEC00FDB6EE /* SearchResultView.swift in Sources */ = {isa = PBXBuildFile; fileRef = 68998B882504DDEC00FDB6EE /* SearchResultView.swift */; };
		689C735E26DC392B009AAD2F /* MacButtonStyleModifier.swift in Sources */ = {isa = PBXBuildFile; fileRef = 689C735D26DC392B009AAD2F /* MacButtonStyleModifier.swift */; };
		689C736226E569D1009AAD2F /* SubscribeViewModel.swift in Sources */ = {isa = PBXBuildFile; fileRef = 689C736126E569D1009AAD2F /* SubscribeViewModel.swift */; };
		689EDBFA269B97E30055811A /* AccentButtonStyle.swift in Sources */ = {isa = PBXBuildFile; fileRef = 689EDBF9269B97E30055811A /* AccentButtonStyle.swift */; };
		689EDC02269BD6C80055811A /* RefreshPlan.swift in Sources */ = {isa = PBXBuildFile; fileRef = 689EDC01269BD6C80055811A /* RefreshPlan.swift */; };
		689EDC0C26A3F46A0055811A /* PhoneScreenshots.swift in Sources */ = {isa = PBXBuildFile; fileRef = 689EDC0B26A3F46A0055811A /* PhoneScreenshots.swift */; };
		68ADABC324A21F2500BE41E2 /* WelcomeView.swift in Sources */ = {isa = PBXBuildFile; fileRef = 68ADABC224A21F2500BE41E2 /* WelcomeView.swift */; };
		68B34A5E2486D2AD0066B215 /* ImportView.swift in Sources */ = {isa = PBXBuildFile; fileRef = 68B34A5D2486D2AD0066B215 /* ImportView.swift */; };
		68B34A612487C50A0066B215 /* DateFormatter+Extensions.swift in Sources */ = {isa = PBXBuildFile; fileRef = 68B34A602487C50A0066B215 /* DateFormatter+Extensions.swift */; };
		68B34A672487ED870066B215 /* ExportView.swift in Sources */ = {isa = PBXBuildFile; fileRef = 68B34A662487ED870066B215 /* ExportView.swift */; };
		68B34A69248801660066B215 /* ExportDocumentPicker.swift in Sources */ = {isa = PBXBuildFile; fileRef = 68B34A68248801660066B215 /* ExportDocumentPicker.swift */; };
		68B34A6C24880ADE0066B215 /* AEXML in Frameworks */ = {isa = PBXBuildFile; productRef = 68B34A6B24880ADE0066B215 /* AEXML */; };
		68C41310247263C700D1DC7B /* Den.xcdatamodeld in Sources */ = {isa = PBXBuildFile; fileRef = 68C4130E247263C700D1DC7B /* Den.xcdatamodeld */; };
		68C41316247263C700D1DC7B /* ContentView.swift in Sources */ = {isa = PBXBuildFile; fileRef = 68C41315247263C700D1DC7B /* ContentView.swift */; };
		68C41318247263C700D1DC7B /* Assets.xcassets in Resources */ = {isa = PBXBuildFile; fileRef = 68C41317247263C700D1DC7B /* Assets.xcassets */; };
		68C4131B247263C700D1DC7B /* Preview Assets.xcassets in Resources */ = {isa = PBXBuildFile; fileRef = 68C4131A247263C700D1DC7B /* Preview Assets.xcassets */; };
		68C4131E247263C700D1DC7B /* LaunchScreen.storyboard in Resources */ = {isa = PBXBuildFile; fileRef = 68C4131C247263C700D1DC7B /* LaunchScreen.storyboard */; };
		68C41329247263C700D1DC7B /* DenTests.swift in Sources */ = {isa = PBXBuildFile; fileRef = 68C41328247263C700D1DC7B /* DenTests.swift */; };
		68C41334247263C700D1DC7B /* DenUITests.swift in Sources */ = {isa = PBXBuildFile; fileRef = 68C41333247263C700D1DC7B /* DenUITests.swift */; };
		68C413442472761D00D1DC7B /* SidebarView.swift in Sources */ = {isa = PBXBuildFile; fileRef = 68C413432472761D00D1DC7B /* SidebarView.swift */; };
		68C413462472773100D1DC7B /* PageView.swift in Sources */ = {isa = PBXBuildFile; fileRef = 68C413452472773100D1DC7B /* PageView.swift */; };
		68C4134B24727F2B00D1DC7B /* GadgetView.swift in Sources */ = {isa = PBXBuildFile; fileRef = 68C4134A24727F2B00D1DC7B /* GadgetView.swift */; };
		68C4138224733D7D00D1DC7B /* SubscribeView.swift in Sources */ = {isa = PBXBuildFile; fileRef = 68C4138124733D7D00D1DC7B /* SubscribeView.swift */; };
		68C4FA262474927800D2C0D6 /* SettingsView.swift in Sources */ = {isa = PBXBuildFile; fileRef = 68C4FA252474927800D2C0D6 /* SettingsView.swift */; };
		68D345952658D0610080783F /* HistoryView.swift in Sources */ = {isa = PBXBuildFile; fileRef = 68D345942658D0610080783F /* HistoryView.swift */; };
		68D486BE26C9896300AF5B59 /* IconPickerView.swift in Sources */ = {isa = PBXBuildFile; fileRef = 68D486BD26C9896300AF5B59 /* IconPickerView.swift */; };
		68D58E65249274D0007ED1AC /* HTMLCleaner.swift in Sources */ = {isa = PBXBuildFile; fileRef = 68D58E64249274D0007ED1AC /* HTMLCleaner.swift */; };
		68D58E6924955321007ED1AC /* OPMLReader.swift in Sources */ = {isa = PBXBuildFile; fileRef = 68D58E6824955321007ED1AC /* OPMLReader.swift */; };
		68D58E6B2498481A007ED1AC /* OPMLIcon.png in Resources */ = {isa = PBXBuildFile; fileRef = 68D58E6A2498481A007ED1AC /* OPMLIcon.png */; };
		68E4274326D2C2BB00E496E3 /* SecurityCheckView.swift in Sources */ = {isa = PBXBuildFile; fileRef = 68E4274226D2C2BB00E496E3 /* SecurityCheckView.swift */; };
		68EA52442688528E00B7C8E5 /* Profile+CoreDataClass.swift in Sources */ = {isa = PBXBuildFile; fileRef = 68EA52432688528E00B7C8E5 /* Profile+CoreDataClass.swift */; };
		68FC25552758B2250073979F /* FeedUnavailableView.swift in Sources */ = {isa = PBXBuildFile; fileRef = 68FC25542758B2250073979F /* FeedUnavailableView.swift */; };
		68FC2559275C16CB0073979F /* GadgetsView.swift in Sources */ = {isa = PBXBuildFile; fileRef = 68FC2558275C16CB0073979F /* GadgetsView.swift */; };
		68FC255B275C16F20073979F /* BlendView.swift in Sources */ = {isa = PBXBuildFile; fileRef = 68FC255A275C16F20073979F /* BlendView.swift */; };
		68FC255D275C172F0073979F /* ShowcaseView.swift in Sources */ = {isa = PBXBuildFile; fileRef = 68FC255C275C172F0073979F /* ShowcaseView.swift */; };
		68FC255F275DFFCC0073979F /* StartRowModifier.swift in Sources */ = {isa = PBXBuildFile; fileRef = 68FC255E275DFFCC0073979F /* StartRowModifier.swift */; };
		68FC2561275E00F00073979F /* StartListView.swift in Sources */ = {isa = PBXBuildFile; fileRef = 68FC2560275E00F00073979F /* StartListView.swift */; };
		68FC2563275E07770073979F /* NavigationListView.swift in Sources */ = {isa = PBXBuildFile; fileRef = 68FC2562275E07770073979F /* NavigationListView.swift */; };
		68FC256B2763626B0073979F /* FeedRefreshedLabelView.swift in Sources */ = {isa = PBXBuildFile; fileRef = 68FC256A2763626B0073979F /* FeedRefreshedLabelView.swift */; };
		68FC256D276381FD0073979F /* HostingWindowFinder.swift in Sources */ = {isa = PBXBuildFile; fileRef = 68FC256C276381FD0073979F /* HostingWindowFinder.swift */; };
		68FC256F27640AA00073979F /* ItemPreviewView.swift in Sources */ = {isa = PBXBuildFile; fileRef = 68FC256E27640AA00073979F /* ItemPreviewView.swift */; };
		68FC25712764B1150073979F /* RingProgressStyle.swift in Sources */ = {isa = PBXBuildFile; fileRef = 68FC25702764B1150073979F /* RingProgressStyle.swift */; };
/* End PBXBuildFile section */

/* Begin PBXContainerItemProxy section */
		689EDC0E26A3F46A0055811A /* PBXContainerItemProxy */ = {
			isa = PBXContainerItemProxy;
			containerPortal = 68C41301247263C700D1DC7B /* Project object */;
			proxyType = 1;
			remoteGlobalIDString = 68C41308247263C700D1DC7B;
			remoteInfo = Den;
		};
		68C41325247263C700D1DC7B /* PBXContainerItemProxy */ = {
			isa = PBXContainerItemProxy;
			containerPortal = 68C41301247263C700D1DC7B /* Project object */;
			proxyType = 1;
			remoteGlobalIDString = 68C41308247263C700D1DC7B;
			remoteInfo = Den;
		};
		68C41330247263C700D1DC7B /* PBXContainerItemProxy */ = {
			isa = PBXContainerItemProxy;
			containerPortal = 68C41301247263C700D1DC7B /* Project object */;
			proxyType = 1;
			remoteGlobalIDString = 68C41308247263C700D1DC7B;
			remoteInfo = Den;
		};
/* End PBXContainerItemProxy section */

/* Begin PBXCopyFilesBuildPhase section */
		6813FD062748DE1100EC88A5 /* CopyFiles */ = {
			isa = PBXCopyFilesBuildPhase;
			buildActionMask = 2147483647;
			dstPath = /usr/share/man/man1/;
			dstSubfolderSpec = 0;
			files = (
			);
			runOnlyForDeploymentPostprocessing = 1;
		};
/* End PBXCopyFilesBuildPhase section */

/* Begin PBXFileReference section */
		6808F4432737B31E00AEEDAC /* IconProgressStyle.swift */ = {isa = PBXFileReference; lastKnownFileType = sourcecode.swift; path = IconProgressStyle.swift; sourceTree = "<group>"; };
		6809EFCA24DD3B39007B5CF1 /* FeedKitFeed+Extensions.swift */ = {isa = PBXFileReference; lastKnownFileType = sourcecode.swift; path = "FeedKitFeed+Extensions.swift"; sourceTree = "<group>"; };
		6809EFCC24DD49C9007B5CF1 /* ParseFeedDataOperation.swift */ = {isa = PBXFileReference; lastKnownFileType = sourcecode.swift; path = ParseFeedDataOperation.swift; sourceTree = "<group>"; };
		6809EFD424DDEEF7007B5CF1 /* SaveFaviconOperation.swift */ = {isa = PBXFileReference; lastKnownFileType = sourcecode.swift; path = SaveFaviconOperation.swift; sourceTree = "<group>"; };
		6809EFDA24DF27E8007B5CF1 /* CacheManager.swift */ = {isa = PBXFileReference; lastKnownFileType = sourcecode.swift; path = CacheManager.swift; sourceTree = "<group>"; };
		680E57DC24D29F2200196F6D /* Page+CoreDataClass.swift */ = {isa = PBXFileReference; lastKnownFileType = sourcecode.swift; path = "Page+CoreDataClass.swift"; sourceTree = "<group>"; };
		680E57DE24D29F2200196F6D /* FeedData+CoreDataClass.swift */ = {isa = PBXFileReference; lastKnownFileType = sourcecode.swift; path = "FeedData+CoreDataClass.swift"; sourceTree = "<group>"; };
		680E57E024D29F2200196F6D /* Item+CoreDataClass.swift */ = {isa = PBXFileReference; lastKnownFileType = sourcecode.swift; path = "Item+CoreDataClass.swift"; sourceTree = "<group>"; };
		6813FCF72746436900EC88A5 /* AxisGeometryReader.swift */ = {isa = PBXFileReference; lastKnownFileType = sourcecode.swift; path = AxisGeometryReader.swift; sourceTree = "<group>"; };
		6813FD082748DE1100EC88A5 /* SymbolLibrary */ = {isa = PBXFileReference; explicitFileType = "compiled.mach-o.executable"; includeInIndex = 0; path = SymbolLibrary; sourceTree = BUILT_PRODUCTS_DIR; };
		6813FD0A2748DE1100EC88A5 /* main.swift */ = {isa = PBXFileReference; lastKnownFileType = sourcecode.swift; path = main.swift; sourceTree = "<group>"; };
		681E6F122741AD8F00C74590 /* FormRowModifier.swift */ = {isa = PBXFileReference; lastKnownFileType = sourcecode.swift; path = FormRowModifier.swift; sourceTree = "<group>"; };
		682C78B227969D1A00004102 /* ToolbarLabelStyle.swift */ = {isa = PBXFileReference; lastKnownFileType = sourcecode.swift; path = ToolbarLabelStyle.swift; sourceTree = "<group>"; };
		683041AF2754199A00BE7631 /* GroupBlockModifier.swift */ = {isa = PBXFileReference; lastKnownFileType = sourcecode.swift; path = GroupBlockModifier.swift; sourceTree = "<group>"; };
		683041B127542E2000BE7631 /* BoardView.swift */ = {isa = PBXFileReference; lastKnownFileType = sourcecode.swift; path = BoardView.swift; sourceTree = "<group>"; };
		683041B527543CE900BE7631 /* ShowcaseSectionView.swift */ = {isa = PBXFileReference; lastKnownFileType = sourcecode.swift; path = ShowcaseSectionView.swift; sourceTree = "<group>"; };
		683041B727543E0400BE7631 /* FeedViewModel.swift */ = {isa = PBXFileReference; lastKnownFileType = sourcecode.swift; path = FeedViewModel.swift; sourceTree = "<group>"; };
		683041B927543E9800BE7631 /* PageViewModel.swift */ = {isa = PBXFileReference; lastKnownFileType = sourcecode.swift; path = PageViewModel.swift; sourceTree = "<group>"; };
		683041BD275470E300BE7631 /* ProfileViewModel.swift */ = {isa = PBXFileReference; lastKnownFileType = sourcecode.swift; path = ProfileViewModel.swift; sourceTree = "<group>"; };
		6832AF252789419700CFC8CA /* ProfileView.swift */ = {isa = PBXFileReference; lastKnownFileType = sourcecode.swift; path = ProfileView.swift; sourceTree = "<group>"; };
		6832AF29278AAB5A00CFC8CA /* SettingsViewModel.swift */ = {isa = PBXFileReference; lastKnownFileType = sourcecode.swift; path = SettingsViewModel.swift; sourceTree = "<group>"; };
		6832AF2B278B889300CFC8CA /* StatusBoxView.swift */ = {isa = PBXFileReference; lastKnownFileType = sourcecode.swift; path = StatusBoxView.swift; sourceTree = "<group>"; };
		6832AF2D278BA6A800CFC8CA /* SearchResultsView.swift */ = {isa = PBXFileReference; lastKnownFileType = sourcecode.swift; path = SearchResultsView.swift; sourceTree = "<group>"; };
		683CEC5F250966410005F305 /* Bundle+Extensions.swift */ = {isa = PBXFileReference; lastKnownFileType = sourcecode.swift; path = "Bundle+Extensions.swift"; sourceTree = "<group>"; };
		6845BCF124EBE45A0008B296 /* JSONFeedItem+Extensions.swift */ = {isa = PBXFileReference; lastKnownFileType = sourcecode.swift; path = "JSONFeedItem+Extensions.swift"; sourceTree = "<group>"; };
		6845BCF324EBE4750008B296 /* AtomFeed+Extensions.swift */ = {isa = PBXFileReference; lastKnownFileType = sourcecode.swift; path = "AtomFeed+Extensions.swift"; sourceTree = "<group>"; };
		6845BCF524EBE49A0008B296 /* JSONFeed+Extensions.swift */ = {isa = PBXFileReference; lastKnownFileType = sourcecode.swift; path = "JSONFeed+Extensions.swift"; sourceTree = "<group>"; };
		6845BCF724EBE4AD0008B296 /* RSSFeed+Extensions.swift */ = {isa = PBXFileReference; lastKnownFileType = sourcecode.swift; path = "RSSFeed+Extensions.swift"; sourceTree = "<group>"; };
		6845BCFD24EC00DA0008B296 /* FeedIcon.png */ = {isa = PBXFileReference; lastKnownFileType = image.png; path = FeedIcon.png; sourceTree = "<group>"; };
		6845BD0524EDCB9C0008B296 /* ImportViewModel.swift */ = {isa = PBXFileReference; lastKnownFileType = sourcecode.swift; path = ImportViewModel.swift; sourceTree = "<group>"; };
		6845BD0D24EFB2AC0008B296 /* .gitignore */ = {isa = PBXFileReference; lastKnownFileType = text; path = .gitignore; sourceTree = "<group>"; };
		6845BD0F24EFB38C0008B296 /* README.md */ = {isa = PBXFileReference; lastKnownFileType = net.daringfireball.markdown; path = README.md; sourceTree = "<group>"; };
		6845BD1024EFB8AD0008B296 /* Demo.opml */ = {isa = PBXFileReference; lastKnownFileType = text.xml; path = Demo.opml; sourceTree = "<group>"; };
		6845BD4D24F6824C0008B296 /* CloudKit.framework */ = {isa = PBXFileReference; lastKnownFileType = wrapper.framework; name = CloudKit.framework; path = System/Library/Frameworks/CloudKit.framework; sourceTree = SDKROOT; };
		6845BD4F24F6A4080008B296 /* SaveFeedOperation.swift */ = {isa = PBXFileReference; lastKnownFileType = sourcecode.swift; path = SaveFeedOperation.swift; sourceTree = "<group>"; };
		6845BD5724F90F450008B296 /* String+Extensions.swift */ = {isa = PBXFileReference; lastKnownFileType = sourcecode.swift; path = "String+Extensions.swift"; sourceTree = "<group>"; };
		684D5A43249BC0CB00EACCC9 /* ImportDocumentPicker.swift */ = {isa = PBXFileReference; lastKnownFileType = sourcecode.swift; path = ImportDocumentPicker.swift; sourceTree = "<group>"; };
		684DF9FE24B64AC20023D6DB /* RSSFeedItem+Extensions.swift */ = {isa = PBXFileReference; lastKnownFileType = sourcecode.swift; path = "RSSFeedItem+Extensions.swift"; sourceTree = "<group>"; };
		684DFA0024B6515A0023D6DB /* AtomFeedEntry+Extensions.swift */ = {isa = PBXFileReference; lastKnownFileType = sourcecode.swift; path = "AtomFeedEntry+Extensions.swift"; sourceTree = "<group>"; };
		684DFA0224BAC7680023D6DB /* MIMETypes.swift */ = {isa = PBXFileReference; lastKnownFileType = sourcecode.swift; path = MIMETypes.swift; sourceTree = "<group>"; };
		684DFA0424BC39EB0023D6DB /* RefreshableScrollView.swift */ = {isa = PBXFileReference; lastKnownFileType = sourcecode.swift; path = RefreshableScrollView.swift; sourceTree = "<group>"; };
		685637272793C879000AE604 /* RegularButtonStyle.swift */ = {isa = PBXFileReference; lastKnownFileType = sourcecode.swift; path = RegularButtonStyle.swift; sourceTree = "<group>"; };
		685ECB1026EE611000A3B184 /* SidebarPageView.swift */ = {isa = PBXFileReference; fileEncoding = 4; lastKnownFileType = sourcecode.swift; path = SidebarPageView.swift; sourceTree = "<group>"; };
		6865452B274A288A00BAE03E /* PinnedSectionHeaderModifier.swift */ = {isa = PBXFileReference; lastKnownFileType = sourcecode.swift; path = PinnedSectionHeaderModifier.swift; sourceTree = "<group>"; };
		6865452D274AAB2A00BAE03E /* TitleTextFieldModifier.swift */ = {isa = PBXFileReference; lastKnownFileType = sourcecode.swift; path = TitleTextFieldModifier.swift; sourceTree = "<group>"; };
		6865452F274AC3B600BAE03E /* PageSymbols.plist */ = {isa = PBXFileReference; fileEncoding = 4; lastKnownFileType = text.plist.xml; path = PageSymbols.plist; sourceTree = "<group>"; };
		6865453A274ACD1500BAE03E /* VeronicaScript.otf */ = {isa = PBXFileReference; lastKnownFileType = file; path = VeronicaScript.otf; sourceTree = "<group>"; };
		6865453C274ACD1500BAE03E /* Monotype Font Software End User License Agreement.html */ = {isa = PBXFileReference; fileEncoding = 4; lastKnownFileType = text.html; path = "Monotype Font Software End User License Agreement.html"; sourceTree = "<group>"; };
		6865453D274ACD1500BAE03E /* FONT SOFTWARE FOR MOBILE APPLICATIONS END USER LICENSE AGREEMENT.html */ = {isa = PBXFileReference; fileEncoding = 4; lastKnownFileType = text.html; path = "FONT SOFTWARE FOR MOBILE APPLICATIONS END USER LICENSE AGREEMENT.html"; sourceTree = "<group>"; };
		686C384127405FA900662D84 /* Notification+Extensions.swift */ = {isa = PBXFileReference; lastKnownFileType = sourcecode.swift; path = "Notification+Extensions.swift"; sourceTree = "<group>"; };
		68701DDE273A6DC100C6BB69 /* ExportViewModel.swift */ = {isa = PBXFileReference; lastKnownFileType = sourcecode.swift; path = ExportViewModel.swift; sourceTree = "<group>"; };
		68701DE0273BAEB700C6BB69 /* SectionHeaderModifier.swift */ = {isa = PBXFileReference; lastKnownFileType = sourcecode.swift; path = SectionHeaderModifier.swift; sourceTree = "<group>"; };
		68701DE2273BD42D00C6BB69 /* FeedView.swift */ = {isa = PBXFileReference; lastKnownFileType = sourcecode.swift; path = FeedView.swift; sourceTree = "<group>"; };
		68701DF0273E471F00C6BB69 /* ToolbarProgressStyle.swift */ = {isa = PBXFileReference; lastKnownFileType = sourcecode.swift; path = ToolbarProgressStyle.swift; sourceTree = "<group>"; };
		68701DF2273E4CEF00C6BB69 /* FeedTitleButtonStyle.swift */ = {isa = PBXFileReference; lastKnownFileType = sourcecode.swift; path = FeedTitleButtonStyle.swift; sourceTree = "<group>"; };
		68701DF4273E4F2B00C6BB69 /* RefreshManager.swift */ = {isa = PBXFileReference; lastKnownFileType = sourcecode.swift; path = RefreshManager.swift; sourceTree = "<group>"; };
		68701DF6273E51AC00C6BB69 /* CrashManager.swift */ = {isa = PBXFileReference; lastKnownFileType = sourcecode.swift; path = CrashManager.swift; sourceTree = "<group>"; };
		68701DF8273E559C00C6BB69 /* ProfileManager.swift */ = {isa = PBXFileReference; lastKnownFileType = sourcecode.swift; path = ProfileManager.swift; sourceTree = "<group>"; };
		68701DFA273E57DB00C6BB69 /* LinkManager.swift */ = {isa = PBXFileReference; lastKnownFileType = sourcecode.swift; path = LinkManager.swift; sourceTree = "<group>"; };
		68701E00273E6A5400C6BB69 /* SubscriptionManager.swift */ = {isa = PBXFileReference; lastKnownFileType = sourcecode.swift; path = SubscriptionManager.swift; sourceTree = "<group>"; };
		68701E02273E76D800C6BB69 /* ThemeManager.swift */ = {isa = PBXFileReference; lastKnownFileType = sourcecode.swift; path = ThemeManager.swift; sourceTree = "<group>"; };
		68710C54259825BA007B2507 /* AppDelegate.swift */ = {isa = PBXFileReference; lastKnownFileType = sourcecode.swift; path = AppDelegate.swift; sourceTree = "<group>"; };
		68710CB7259F8C8A007B2507 /* Logger+Extensions.swift */ = {isa = PBXFileReference; lastKnownFileType = sourcecode.swift; path = "Logger+Extensions.swift"; sourceTree = "<group>"; };
		687C27782631F6A000099FCA /* FileManager+Extensions.swift */ = {isa = PBXFileReference; lastKnownFileType = sourcecode.swift; path = "FileManager+Extensions.swift"; sourceTree = "<group>"; };
		687C27972634A89A00099FCA /* ShakeModifier.swift */ = {isa = PBXFileReference; lastKnownFileType = sourcecode.swift; path = ShakeModifier.swift; sourceTree = "<group>"; };
		687D9CAF24A8CABD00EB7F46 /* OPMLWriter.swift */ = {isa = PBXFileReference; lastKnownFileType = sourcecode.swift; path = OPMLWriter.swift; sourceTree = "<group>"; };
		687D9CB724A9CA2A00EB7F46 /* GadgetItemView.swift */ = {isa = PBXFileReference; lastKnownFileType = sourcecode.swift; path = GadgetItemView.swift; sourceTree = "<group>"; };
		687D9CC524AE38BD00EB7F46 /* DataTaskOperation.swift */ = {isa = PBXFileReference; lastKnownFileType = sourcecode.swift; path = DataTaskOperation.swift; sourceTree = "<group>"; };
		687D9CD824B38FF100EB7F46 /* AsynchronousOperation.swift */ = {isa = PBXFileReference; lastKnownFileType = sourcecode.swift; path = AsynchronousOperation.swift; sourceTree = "<group>"; };
		687D9CDC24B3E31400EB7F46 /* MetadataOperation.swift */ = {isa = PBXFileReference; lastKnownFileType = sourcecode.swift; path = MetadataOperation.swift; sourceTree = "<group>"; };
		687F488D2690819F00EA2498 /* View+Extensions.swift */ = {isa = PBXFileReference; lastKnownFileType = sourcecode.swift; path = "View+Extensions.swift"; sourceTree = "<group>"; };
		687F488F269165EE00EA2498 /* CrashMessageView.swift */ = {isa = PBXFileReference; lastKnownFileType = sourcecode.swift; path = CrashMessageView.swift; sourceTree = "<group>"; };
		6880E1E426B4508A00A8E3E8 /* PadScreenshots.swift */ = {isa = PBXFileReference; lastKnownFileType = sourcecode.swift; path = PadScreenshots.swift; sourceTree = "<group>"; };
		6880E1E626B450B900A8E3E8 /* MacScreenshots.swift */ = {isa = PBXFileReference; lastKnownFileType = sourcecode.swift; path = MacScreenshots.swift; sourceTree = "<group>"; };
		6880E1E826B4591900A8E3E8 /* ScreenshotTestCase.swift */ = {isa = PBXFileReference; lastKnownFileType = sourcecode.swift; path = ScreenshotTestCase.swift; sourceTree = "<group>"; };
		6885C42126D37259002C41B0 /* FeedTitleLabelView.swift */ = {isa = PBXFileReference; lastKnownFileType = sourcecode.swift; path = FeedTitleLabelView.swift; sourceTree = "<group>"; };
		6885C42326D4CBB4002C41B0 /* SecurityCheckViewModel.swift */ = {isa = PBXFileReference; lastKnownFileType = sourcecode.swift; path = SecurityCheckViewModel.swift; sourceTree = "<group>"; };
		6885C42526D4D385002C41B0 /* FeedCheckOperation.swift */ = {isa = PBXFileReference; lastKnownFileType = sourcecode.swift; path = FeedCheckOperation.swift; sourceTree = "<group>"; };
		6885C42926D77F77002C41B0 /* UIImage+Extensions.swift */ = {isa = PBXFileReference; lastKnownFileType = sourcecode.swift; path = "UIImage+Extensions.swift"; sourceTree = "<group>"; };
		6885FD0D24819446007A3D5B /* ItemButtonStyle.swift */ = {isa = PBXFileReference; lastKnownFileType = sourcecode.swift; path = ItemButtonStyle.swift; sourceTree = "<group>"; };
		6887D40825B35B83004A170D /* History+CoreDataClass.swift */ = {isa = PBXFileReference; lastKnownFileType = sourcecode.swift; path = "History+CoreDataClass.swift"; sourceTree = "<group>"; };
		6887D41B25B6D016004A170D /* Feed+CoreDataClass.swift */ = {isa = PBXFileReference; lastKnownFileType = sourcecode.swift; path = "Feed+CoreDataClass.swift"; sourceTree = "<group>"; };
		688FD917247750350006A2DE /* PageSettingsView.swift */ = {isa = PBXFileReference; lastKnownFileType = sourcecode.swift; path = PageSettingsView.swift; sourceTree = "<group>"; };
		688FD930247A34830006A2DE /* FeedSettingsView.swift */ = {isa = PBXFileReference; lastKnownFileType = sourcecode.swift; path = FeedSettingsView.swift; sourceTree = "<group>"; };
		68915AFB2618CF6D00E4C0CB /* WorkingItem.swift */ = {isa = PBXFileReference; lastKnownFileType = sourcecode.swift; path = WorkingItem.swift; sourceTree = "<group>"; };
		68915B002618CF7B00E4C0CB /* WorkingFeedData.swift */ = {isa = PBXFileReference; lastKnownFileType = sourcecode.swift; path = WorkingFeedData.swift; sourceTree = "<group>"; };
		68915B1D261C253E00E4C0CB /* SaveItemImageOperation.swift */ = {isa = PBXFileReference; lastKnownFileType = sourcecode.swift; path = SaveItemImageOperation.swift; sourceTree = "<group>"; };
		68915B222623273600E4C0CB /* DownloadItemImagesOperation.swift */ = {isa = PBXFileReference; lastKnownFileType = sourcecode.swift; path = DownloadItemImagesOperation.swift; sourceTree = "<group>"; };
		689460812596A7BB00ED4064 /* PersistenceManager.swift */ = {isa = PBXFileReference; fileEncoding = 4; lastKnownFileType = sourcecode.swift; path = PersistenceManager.swift; sourceTree = "<group>"; };
		689460822596A7BB00ED4064 /* DenApp.swift */ = {isa = PBXFileReference; fileEncoding = 4; lastKnownFileType = sourcecode.swift; path = DenApp.swift; sourceTree = "<group>"; };
		68998B842504C87400FDB6EE /* SearchView.swift */ = {isa = PBXFileReference; lastKnownFileType = sourcecode.swift; path = SearchView.swift; sourceTree = "<group>"; };
		68998B882504DDEC00FDB6EE /* SearchResultView.swift */ = {isa = PBXFileReference; lastKnownFileType = sourcecode.swift; path = SearchResultView.swift; sourceTree = "<group>"; };
		689C735D26DC392B009AAD2F /* MacButtonStyleModifier.swift */ = {isa = PBXFileReference; lastKnownFileType = sourcecode.swift; path = MacButtonStyleModifier.swift; sourceTree = "<group>"; };
		689C736126E569D1009AAD2F /* SubscribeViewModel.swift */ = {isa = PBXFileReference; lastKnownFileType = sourcecode.swift; path = SubscribeViewModel.swift; sourceTree = "<group>"; };
		689EDBF8269188580055811A /* .swiftlint.yml */ = {isa = PBXFileReference; lastKnownFileType = text.yaml; path = .swiftlint.yml; sourceTree = "<group>"; };
		689EDBF9269B97E30055811A /* AccentButtonStyle.swift */ = {isa = PBXFileReference; lastKnownFileType = sourcecode.swift; path = AccentButtonStyle.swift; sourceTree = "<group>"; };
		689EDC01269BD6C80055811A /* RefreshPlan.swift */ = {isa = PBXFileReference; lastKnownFileType = sourcecode.swift; path = RefreshPlan.swift; sourceTree = "<group>"; };
		689EDC0926A3F46A0055811A /* DenScreenshots.xctest */ = {isa = PBXFileReference; explicitFileType = wrapper.cfbundle; includeInIndex = 0; path = DenScreenshots.xctest; sourceTree = BUILT_PRODUCTS_DIR; };
		689EDC0B26A3F46A0055811A /* PhoneScreenshots.swift */ = {isa = PBXFileReference; lastKnownFileType = sourcecode.swift; path = PhoneScreenshots.swift; sourceTree = "<group>"; };
		689EDC0D26A3F46A0055811A /* Info.plist */ = {isa = PBXFileReference; lastKnownFileType = text.plist.xml; path = Info.plist; sourceTree = "<group>"; };
		689EDC1326A3FE940055811A /* screenshots.sh */ = {isa = PBXFileReference; lastKnownFileType = text.script.sh; path = screenshots.sh; sourceTree = "<group>"; };
		68ADABC224A21F2500BE41E2 /* WelcomeView.swift */ = {isa = PBXFileReference; lastKnownFileType = sourcecode.swift; path = WelcomeView.swift; sourceTree = "<group>"; };
		68B34A5D2486D2AD0066B215 /* ImportView.swift */ = {isa = PBXFileReference; lastKnownFileType = sourcecode.swift; path = ImportView.swift; sourceTree = "<group>"; };
		68B34A602487C50A0066B215 /* DateFormatter+Extensions.swift */ = {isa = PBXFileReference; lastKnownFileType = sourcecode.swift; path = "DateFormatter+Extensions.swift"; sourceTree = "<group>"; };
		68B34A662487ED870066B215 /* ExportView.swift */ = {isa = PBXFileReference; lastKnownFileType = sourcecode.swift; path = ExportView.swift; sourceTree = "<group>"; };
		68B34A68248801660066B215 /* ExportDocumentPicker.swift */ = {isa = PBXFileReference; lastKnownFileType = sourcecode.swift; path = ExportDocumentPicker.swift; sourceTree = "<group>"; };
		68C41309247263C700D1DC7B /* Den.app */ = {isa = PBXFileReference; explicitFileType = wrapper.application; includeInIndex = 0; path = Den.app; sourceTree = BUILT_PRODUCTS_DIR; };
		68C4130F247263C700D1DC7B /* Den.xcdatamodel */ = {isa = PBXFileReference; lastKnownFileType = wrapper.xcdatamodel; path = Den.xcdatamodel; sourceTree = "<group>"; };
		68C41315247263C700D1DC7B /* ContentView.swift */ = {isa = PBXFileReference; lastKnownFileType = sourcecode.swift; path = ContentView.swift; sourceTree = "<group>"; };
		68C41317247263C700D1DC7B /* Assets.xcassets */ = {isa = PBXFileReference; lastKnownFileType = folder.assetcatalog; path = Assets.xcassets; sourceTree = "<group>"; };
		68C4131A247263C700D1DC7B /* Preview Assets.xcassets */ = {isa = PBXFileReference; lastKnownFileType = folder.assetcatalog; path = "Preview Assets.xcassets"; sourceTree = "<group>"; };
		68C4131D247263C700D1DC7B /* Base */ = {isa = PBXFileReference; lastKnownFileType = file.storyboard; name = Base; path = Base.lproj/LaunchScreen.storyboard; sourceTree = "<group>"; };
		68C4131F247263C700D1DC7B /* Info.plist */ = {isa = PBXFileReference; lastKnownFileType = text.plist.xml; path = Info.plist; sourceTree = "<group>"; };
		68C41324247263C700D1DC7B /* DenTests.xctest */ = {isa = PBXFileReference; explicitFileType = wrapper.cfbundle; includeInIndex = 0; path = DenTests.xctest; sourceTree = BUILT_PRODUCTS_DIR; };
		68C41328247263C700D1DC7B /* DenTests.swift */ = {isa = PBXFileReference; lastKnownFileType = sourcecode.swift; path = DenTests.swift; sourceTree = "<group>"; };
		68C4132A247263C700D1DC7B /* Info.plist */ = {isa = PBXFileReference; lastKnownFileType = text.plist.xml; path = Info.plist; sourceTree = "<group>"; };
		68C4132F247263C700D1DC7B /* DenUITests.xctest */ = {isa = PBXFileReference; explicitFileType = wrapper.cfbundle; includeInIndex = 0; path = DenUITests.xctest; sourceTree = BUILT_PRODUCTS_DIR; };
		68C41333247263C700D1DC7B /* DenUITests.swift */ = {isa = PBXFileReference; lastKnownFileType = sourcecode.swift; path = DenUITests.swift; sourceTree = "<group>"; };
		68C41335247263C700D1DC7B /* Info.plist */ = {isa = PBXFileReference; lastKnownFileType = text.plist.xml; path = Info.plist; sourceTree = "<group>"; };
		68C41341247263D800D1DC7B /* Den.entitlements */ = {isa = PBXFileReference; lastKnownFileType = text.plist.entitlements; path = Den.entitlements; sourceTree = "<group>"; };
		68C413432472761D00D1DC7B /* SidebarView.swift */ = {isa = PBXFileReference; lastKnownFileType = sourcecode.swift; path = SidebarView.swift; sourceTree = "<group>"; };
		68C413452472773100D1DC7B /* PageView.swift */ = {isa = PBXFileReference; lastKnownFileType = sourcecode.swift; path = PageView.swift; sourceTree = "<group>"; };
		68C4134A24727F2B00D1DC7B /* GadgetView.swift */ = {isa = PBXFileReference; lastKnownFileType = sourcecode.swift; path = GadgetView.swift; sourceTree = "<group>"; };
		68C4137F2473305600D1DC7B /* Documents */ = {isa = PBXFileReference; lastKnownFileType = folder; path = Documents; sourceTree = "<group>"; };
		68C4138124733D7D00D1DC7B /* SubscribeView.swift */ = {isa = PBXFileReference; lastKnownFileType = sourcecode.swift; path = SubscribeView.swift; sourceTree = "<group>"; };
		68C4FA252474927800D2C0D6 /* SettingsView.swift */ = {isa = PBXFileReference; lastKnownFileType = sourcecode.swift; path = SettingsView.swift; sourceTree = "<group>"; };
		68D345942658D0610080783F /* HistoryView.swift */ = {isa = PBXFileReference; lastKnownFileType = sourcecode.swift; path = HistoryView.swift; sourceTree = "<group>"; };
		68D486BD26C9896300AF5B59 /* IconPickerView.swift */ = {isa = PBXFileReference; fileEncoding = 4; lastKnownFileType = sourcecode.swift; path = IconPickerView.swift; sourceTree = "<group>"; };
		68D58E64249274D0007ED1AC /* HTMLCleaner.swift */ = {isa = PBXFileReference; lastKnownFileType = sourcecode.swift; path = HTMLCleaner.swift; sourceTree = "<group>"; };
		68D58E6824955321007ED1AC /* OPMLReader.swift */ = {isa = PBXFileReference; lastKnownFileType = sourcecode.swift; path = OPMLReader.swift; sourceTree = "<group>"; };
		68D58E6A2498481A007ED1AC /* OPMLIcon.png */ = {isa = PBXFileReference; lastKnownFileType = image.png; path = OPMLIcon.png; sourceTree = "<group>"; };
		68E4274226D2C2BB00E496E3 /* SecurityCheckView.swift */ = {isa = PBXFileReference; lastKnownFileType = sourcecode.swift; path = SecurityCheckView.swift; sourceTree = "<group>"; };
		68EA52432688528E00B7C8E5 /* Profile+CoreDataClass.swift */ = {isa = PBXFileReference; lastKnownFileType = sourcecode.swift; path = "Profile+CoreDataClass.swift"; sourceTree = "<group>"; };
		68FC25542758B2250073979F /* FeedUnavailableView.swift */ = {isa = PBXFileReference; lastKnownFileType = sourcecode.swift; path = FeedUnavailableView.swift; sourceTree = "<group>"; };
		68FC2558275C16CB0073979F /* GadgetsView.swift */ = {isa = PBXFileReference; lastKnownFileType = sourcecode.swift; path = GadgetsView.swift; sourceTree = "<group>"; };
		68FC255A275C16F20073979F /* BlendView.swift */ = {isa = PBXFileReference; lastKnownFileType = sourcecode.swift; path = BlendView.swift; sourceTree = "<group>"; };
		68FC255C275C172F0073979F /* ShowcaseView.swift */ = {isa = PBXFileReference; lastKnownFileType = sourcecode.swift; path = ShowcaseView.swift; sourceTree = "<group>"; };
		68FC255E275DFFCC0073979F /* StartRowModifier.swift */ = {isa = PBXFileReference; lastKnownFileType = sourcecode.swift; path = StartRowModifier.swift; sourceTree = "<group>"; };
		68FC2560275E00F00073979F /* StartListView.swift */ = {isa = PBXFileReference; lastKnownFileType = sourcecode.swift; path = StartListView.swift; sourceTree = "<group>"; };
		68FC2562275E07770073979F /* NavigationListView.swift */ = {isa = PBXFileReference; lastKnownFileType = sourcecode.swift; path = NavigationListView.swift; sourceTree = "<group>"; };
		68FC256A2763626B0073979F /* FeedRefreshedLabelView.swift */ = {isa = PBXFileReference; lastKnownFileType = sourcecode.swift; path = FeedRefreshedLabelView.swift; sourceTree = "<group>"; };
		68FC256C276381FD0073979F /* HostingWindowFinder.swift */ = {isa = PBXFileReference; lastKnownFileType = sourcecode.swift; path = HostingWindowFinder.swift; sourceTree = "<group>"; };
		68FC256E27640AA00073979F /* ItemPreviewView.swift */ = {isa = PBXFileReference; lastKnownFileType = sourcecode.swift; path = ItemPreviewView.swift; sourceTree = "<group>"; };
		68FC25702764B1150073979F /* RingProgressStyle.swift */ = {isa = PBXFileReference; lastKnownFileType = sourcecode.swift; path = RingProgressStyle.swift; sourceTree = "<group>"; };
/* End PBXFileReference section */

/* Begin PBXFrameworksBuildPhase section */
		6813FD052748DE1100EC88A5 /* Frameworks */ = {
			isa = PBXFrameworksBuildPhase;
			buildActionMask = 2147483647;
			files = (
			);
			runOnlyForDeploymentPostprocessing = 0;
		};
		689EDC0626A3F46A0055811A /* Frameworks */ = {
			isa = PBXFrameworksBuildPhase;
			buildActionMask = 2147483647;
			files = (
			);
			runOnlyForDeploymentPostprocessing = 0;
		};
		68C41306247263C700D1DC7B /* Frameworks */ = {
			isa = PBXFrameworksBuildPhase;
			buildActionMask = 2147483647;
			files = (
				6845BD4E24F6824C0008B296 /* CloudKit.framework in Frameworks */,
				6897D52626B91C0100833DDA /* HTMLEntities in Frameworks */,
				68B34A6C24880ADE0066B215 /* AEXML in Frameworks */,
				6897D52F26B91C5800833DDA /* FeedKit in Frameworks */,
				6897D52C26B91C3C00833DDA /* SwiftSoup in Frameworks */,
			);
			runOnlyForDeploymentPostprocessing = 0;
		};
		68C41321247263C700D1DC7B /* Frameworks */ = {
			isa = PBXFrameworksBuildPhase;
			buildActionMask = 2147483647;
			files = (
			);
			runOnlyForDeploymentPostprocessing = 0;
		};
		68C4132C247263C700D1DC7B /* Frameworks */ = {
			isa = PBXFrameworksBuildPhase;
			buildActionMask = 2147483647;
			files = (
			);
			runOnlyForDeploymentPostprocessing = 0;
		};
/* End PBXFrameworksBuildPhase section */

/* Begin PBXGroup section */
		680E57C124D1927600196F6D /* Managers */ = {
			isa = PBXGroup;
			children = (
				689460812596A7BB00ED4064 /* PersistenceManager.swift */,
				6809EFDA24DF27E8007B5CF1 /* CacheManager.swift */,
				68701DF4273E4F2B00C6BB69 /* RefreshManager.swift */,
				68701DF6273E51AC00C6BB69 /* CrashManager.swift */,
				68701DF8273E559C00C6BB69 /* ProfileManager.swift */,
				68701DFA273E57DB00C6BB69 /* LinkManager.swift */,
				68701E00273E6A5400C6BB69 /* SubscriptionManager.swift */,
				68701E02273E76D800C6BB69 /* ThemeManager.swift */,
			);
			path = Managers;
			sourceTree = "<group>";
		};
		6813FD092748DE1100EC88A5 /* SymbolLibrary */ = {
			isa = PBXGroup;
			children = (
				6813FD0A2748DE1100EC88A5 /* main.swift */,
			);
			path = SymbolLibrary;
			sourceTree = "<group>";
		};
		6832AF2F278BAF2A00CFC8CA /* Search */ = {
			isa = PBXGroup;
			children = (
				68998B842504C87400FDB6EE /* SearchView.swift */,
				6832AF2D278BA6A800CFC8CA /* SearchResultsView.swift */,
				68998B882504DDEC00FDB6EE /* SearchResultView.swift */,
			);
			path = Search;
			sourceTree = "<group>";
		};
		6845BCF924EBE4B60008B296 /* FeedKit */ = {
			isa = PBXGroup;
			children = (
				6845BCF324EBE4750008B296 /* AtomFeed+Extensions.swift */,
				684DFA0024B6515A0023D6DB /* AtomFeedEntry+Extensions.swift */,
				6845BCF724EBE4AD0008B296 /* RSSFeed+Extensions.swift */,
				684DF9FE24B64AC20023D6DB /* RSSFeedItem+Extensions.swift */,
				6845BCF524EBE49A0008B296 /* JSONFeed+Extensions.swift */,
				6845BCF124EBE45A0008B296 /* JSONFeedItem+Extensions.swift */,
				6809EFCA24DD3B39007B5CF1 /* FeedKitFeed+Extensions.swift */,
			);
			path = FeedKit;
			sourceTree = "<group>";
		};
		6845BCFC24EC004B0008B296 /* Misc */ = {
			isa = PBXGroup;
			children = (
				68654539274ACD1500BAE03E /* VeronicaScript */,
				6865452F274AC3B600BAE03E /* PageSymbols.plist */,
				6845BCFD24EC00DA0008B296 /* FeedIcon.png */,
				68D58E6A2498481A007ED1AC /* OPMLIcon.png */,
				6845BD1024EFB8AD0008B296 /* Demo.opml */,
			);
			path = Misc;
			sourceTree = "<group>";
		};
		6845BD4C24F6824C0008B296 /* Frameworks */ = {
			isa = PBXGroup;
			children = (
				6845BD4D24F6824C0008B296 /* CloudKit.framework */,
			);
			name = Frameworks;
			sourceTree = "<group>";
		};
		68654539274ACD1500BAE03E /* VeronicaScript */ = {
			isa = PBXGroup;
			children = (
				6865453A274ACD1500BAE03E /* VeronicaScript.otf */,
				6865453B274ACD1500BAE03E /* Licenses */,
			);
			path = VeronicaScript;
			sourceTree = "<group>";
		};
		6865453B274ACD1500BAE03E /* Licenses */ = {
			isa = PBXGroup;
			children = (
				6865453C274ACD1500BAE03E /* Monotype Font Software End User License Agreement.html */,
				6865453D274ACD1500BAE03E /* FONT SOFTWARE FOR MOBILE APPLICATIONS END USER LICENSE AGREEMENT.html */,
			);
			path = Licenses;
			sourceTree = "<group>";
		};
		687C27962634A84600099FCA /* Modifiers */ = {
			isa = PBXGroup;
			children = (
				687C27972634A89A00099FCA /* ShakeModifier.swift */,
				689C735D26DC392B009AAD2F /* MacButtonStyleModifier.swift */,
				681E6F122741AD8F00C74590 /* FormRowModifier.swift */,
				68701DE0273BAEB700C6BB69 /* SectionHeaderModifier.swift */,
				6865452B274A288A00BAE03E /* PinnedSectionHeaderModifier.swift */,
				6865452D274AAB2A00BAE03E /* TitleTextFieldModifier.swift */,
				683041AF2754199A00BE7631 /* GroupBlockModifier.swift */,
				68FC255E275DFFCC0073979F /* StartRowModifier.swift */,
			);
			path = Modifiers;
			sourceTree = "<group>";
		};
		687D9CC724B0C43800EB7F46 /* Operations */ = {
			isa = PBXGroup;
			children = (
				687D9CD824B38FF100EB7F46 /* AsynchronousOperation.swift */,
				687D9CC524AE38BD00EB7F46 /* DataTaskOperation.swift */,
				6809EFCC24DD49C9007B5CF1 /* ParseFeedDataOperation.swift */,
				687D9CDC24B3E31400EB7F46 /* MetadataOperation.swift */,
				6809EFD424DDEEF7007B5CF1 /* SaveFaviconOperation.swift */,
				68915B222623273600E4C0CB /* DownloadItemImagesOperation.swift */,
				68915B1D261C253E00E4C0CB /* SaveItemImageOperation.swift */,
				6845BD4F24F6A4080008B296 /* SaveFeedOperation.swift */,
				6885C42526D4D385002C41B0 /* FeedCheckOperation.swift */,
			);
			path = Operations;
			sourceTree = "<group>";
		};
		688FD91B24780C800006A2DE /* Styles */ = {
			isa = PBXGroup;
			children = (
				685637272793C879000AE604 /* RegularButtonStyle.swift */,
				689EDBF9269B97E30055811A /* AccentButtonStyle.swift */,
				68701DF2273E4CEF00C6BB69 /* FeedTitleButtonStyle.swift */,
				6885FD0D24819446007A3D5B /* ItemButtonStyle.swift */,
				6808F4432737B31E00AEEDAC /* IconProgressStyle.swift */,
				68FC25702764B1150073979F /* RingProgressStyle.swift */,
				68701DF0273E471F00C6BB69 /* ToolbarProgressStyle.swift */,
				682C78B227969D1A00004102 /* ToolbarLabelStyle.swift */,
			);
			path = Styles;
			sourceTree = "<group>";
		};
		68915AEE2618CD9C00E4C0CB /* Entities */ = {
			isa = PBXGroup;
			children = (
				680E57DC24D29F2200196F6D /* Page+CoreDataClass.swift */,
				6887D41B25B6D016004A170D /* Feed+CoreDataClass.swift */,
				6887D40825B35B83004A170D /* History+CoreDataClass.swift */,
				680E57DE24D29F2200196F6D /* FeedData+CoreDataClass.swift */,
				680E57E024D29F2200196F6D /* Item+CoreDataClass.swift */,
				68EA52432688528E00B7C8E5 /* Profile+CoreDataClass.swift */,
			);
			path = Entities;
			sourceTree = "<group>";
		};
		689EDC0A26A3F46A0055811A /* DenScreenshots */ = {
			isa = PBXGroup;
			children = (
				6880E1E826B4591900A8E3E8 /* ScreenshotTestCase.swift */,
				6880E1E626B450B900A8E3E8 /* MacScreenshots.swift */,
				6880E1E426B4508A00A8E3E8 /* PadScreenshots.swift */,
				689EDC0B26A3F46A0055811A /* PhoneScreenshots.swift */,
				689EDC0D26A3F46A0055811A /* Info.plist */,
			);
			path = DenScreenshots;
			sourceTree = "<group>";
		};
		68B34A5C2486D2710066B215 /* Representables */ = {
			isa = PBXGroup;
			children = (
				684D5A43249BC0CB00EACCC9 /* ImportDocumentPicker.swift */,
				68B34A68248801660066B215 /* ExportDocumentPicker.swift */,
				68FC256C276381FD0073979F /* HostingWindowFinder.swift */,
			);
			path = Representables;
			sourceTree = "<group>";
		};
		68B34A5F2487C4E10066B215 /* Extensions */ = {
			isa = PBXGroup;
			children = (
				6845BCF924EBE4B60008B296 /* FeedKit */,
				68B34A602487C50A0066B215 /* DateFormatter+Extensions.swift */,
				6845BD5724F90F450008B296 /* String+Extensions.swift */,
				683CEC5F250966410005F305 /* Bundle+Extensions.swift */,
				68710CB7259F8C8A007B2507 /* Logger+Extensions.swift */,
				687C27782631F6A000099FCA /* FileManager+Extensions.swift */,
				687F488D2690819F00EA2498 /* View+Extensions.swift */,
				6885C42926D77F77002C41B0 /* UIImage+Extensions.swift */,
				686C384127405FA900662D84 /* Notification+Extensions.swift */,
			);
			path = Extensions;
			sourceTree = "<group>";
		};
		68C41300247263C700D1DC7B = {
			isa = PBXGroup;
			children = (
				6845BD0D24EFB2AC0008B296 /* .gitignore */,
				689EDBF8269188580055811A /* .swiftlint.yml */,
				6845BD0F24EFB38C0008B296 /* README.md */,
				689EDC1326A3FE940055811A /* screenshots.sh */,
				68C4137F2473305600D1DC7B /* Documents */,
				68C4130B247263C700D1DC7B /* Den */,
				68C41327247263C700D1DC7B /* DenTests */,
				68C41332247263C700D1DC7B /* DenUITests */,
				689EDC0A26A3F46A0055811A /* DenScreenshots */,
				6813FD092748DE1100EC88A5 /* SymbolLibrary */,
				68C4130A247263C700D1DC7B /* Products */,
				6845BD4C24F6824C0008B296 /* Frameworks */,
			);
			sourceTree = "<group>";
		};
		68C4130A247263C700D1DC7B /* Products */ = {
			isa = PBXGroup;
			children = (
				68C41309247263C700D1DC7B /* Den.app */,
				68C41324247263C700D1DC7B /* DenTests.xctest */,
				68C4132F247263C700D1DC7B /* DenUITests.xctest */,
				689EDC0926A3F46A0055811A /* DenScreenshots.xctest */,
				6813FD082748DE1100EC88A5 /* SymbolLibrary */,
			);
			name = Products;
			sourceTree = "<group>";
		};
		68C4130B247263C700D1DC7B /* Den */ = {
			isa = PBXGroup;
			children = (
				689460822596A7BB00ED4064 /* DenApp.swift */,
				68710C54259825BA007B2507 /* AppDelegate.swift */,
				68C41341247263D800D1DC7B /* Den.entitlements */,
				68C41317247263C700D1DC7B /* Assets.xcassets */,
				68C4131C247263C700D1DC7B /* LaunchScreen.storyboard */,
				68C4131F247263C700D1DC7B /* Info.plist */,
				68C4130E247263C700D1DC7B /* Den.xcdatamodeld */,
				68915AEE2618CD9C00E4C0CB /* Entities */,
				68C4134724727BED00D1DC7B /* Models */,
				680E57C124D1927600196F6D /* Managers */,
				687D9CC724B0C43800EB7F46 /* Operations */,
				68E4273D26D2340A00E496E3 /* ViewModels */,
				687C27962634A84600099FCA /* Modifiers */,
				68B34A5C2486D2710066B215 /* Representables */,
				688FD91B24780C800006A2DE /* Styles */,
				68C413422472760400D1DC7B /* Views */,
				68B34A5F2487C4E10066B215 /* Extensions */,
				68D58E6124922FE5007ED1AC /* Utilities */,
				6845BCFC24EC004B0008B296 /* Misc */,
				68C41319247263C700D1DC7B /* Preview Content */,
			);
			path = Den;
			sourceTree = "<group>";
		};
		68C41319247263C700D1DC7B /* Preview Content */ = {
			isa = PBXGroup;
			children = (
				68C4131A247263C700D1DC7B /* Preview Assets.xcassets */,
			);
			path = "Preview Content";
			sourceTree = "<group>";
		};
		68C41327247263C700D1DC7B /* DenTests */ = {
			isa = PBXGroup;
			children = (
				68C41328247263C700D1DC7B /* DenTests.swift */,
				68C4132A247263C700D1DC7B /* Info.plist */,
			);
			path = DenTests;
			sourceTree = "<group>";
		};
		68C41332247263C700D1DC7B /* DenUITests */ = {
			isa = PBXGroup;
			children = (
				68C41333247263C700D1DC7B /* DenUITests.swift */,
				68C41335247263C700D1DC7B /* Info.plist */,
			);
			path = DenUITests;
			sourceTree = "<group>";
		};
		68C413422472760400D1DC7B /* Views */ = {
			isa = PBXGroup;
			children = (
				68C41315247263C700D1DC7B /* ContentView.swift */,
				68ADABC224A21F2500BE41E2 /* WelcomeView.swift */,
				68FC2566275E07E20073979F /* Sidebar */,
				68FC2567275E0D820073979F /* Pages */,
				68701DE2273BD42D00C6BB69 /* FeedView.swift */,
				688FD930247A34830006A2DE /* FeedSettingsView.swift */,
				68C4138124733D7D00D1DC7B /* SubscribeView.swift */,
				6832AF2F278BAF2A00CFC8CA /* Search */,
				68D345942658D0610080783F /* HistoryView.swift */,
				68C4FA252474927800D2C0D6 /* SettingsView.swift */,
				6832AF252789419700CFC8CA /* ProfileView.swift */,
				68B34A5D2486D2AD0066B215 /* ImportView.swift */,
				68B34A662487ED870066B215 /* ExportView.swift */,
				68E4274226D2C2BB00E496E3 /* SecurityCheckView.swift */,
				687F488F269165EE00EA2498 /* CrashMessageView.swift */,
				683041B127542E2000BE7631 /* BoardView.swift */,
				684DFA0424BC39EB0023D6DB /* RefreshableScrollView.swift */,
				6885C42126D37259002C41B0 /* FeedTitleLabelView.swift */,
				68FC256A2763626B0073979F /* FeedRefreshedLabelView.swift */,
				68FC25542758B2250073979F /* FeedUnavailableView.swift */,
				68FC256E27640AA00073979F /* ItemPreviewView.swift */,
				68D486BD26C9896300AF5B59 /* IconPickerView.swift */,
				6832AF2B278B889300CFC8CA /* StatusBoxView.swift */,
			);
			path = Views;
			sourceTree = "<group>";
		};
		68C4134724727BED00D1DC7B /* Models */ = {
			isa = PBXGroup;
			children = (
				68915B002618CF7B00E4C0CB /* WorkingFeedData.swift */,
				68915AFB2618CF6D00E4C0CB /* WorkingItem.swift */,
			);
			path = Models;
			sourceTree = "<group>";
		};
		68D58E6124922FE5007ED1AC /* Utilities */ = {
			isa = PBXGroup;
			children = (
				68D58E64249274D0007ED1AC /* HTMLCleaner.swift */,
				68D58E6824955321007ED1AC /* OPMLReader.swift */,
				687D9CAF24A8CABD00EB7F46 /* OPMLWriter.swift */,
				684DFA0224BAC7680023D6DB /* MIMETypes.swift */,
				689EDC01269BD6C80055811A /* RefreshPlan.swift */,
				6813FCF72746436900EC88A5 /* AxisGeometryReader.swift */,
			);
			path = Utilities;
			sourceTree = "<group>";
		};
		68E4273D26D2340A00E496E3 /* ViewModels */ = {
			isa = PBXGroup;
			children = (
				683041BD275470E300BE7631 /* ProfileViewModel.swift */,
				683041B927543E9800BE7631 /* PageViewModel.swift */,
				683041B727543E0400BE7631 /* FeedViewModel.swift */,
				689C736126E569D1009AAD2F /* SubscribeViewModel.swift */,
				6845BD0524EDCB9C0008B296 /* ImportViewModel.swift */,
				68701DDE273A6DC100C6BB69 /* ExportViewModel.swift */,
				6885C42326D4CBB4002C41B0 /* SecurityCheckViewModel.swift */,
				6832AF29278AAB5A00CFC8CA /* SettingsViewModel.swift */,
			);
			path = ViewModels;
			sourceTree = "<group>";
		};
		68FC2566275E07E20073979F /* Sidebar */ = {
			isa = PBXGroup;
			children = (
				68C413432472761D00D1DC7B /* SidebarView.swift */,
				68FC2560275E00F00073979F /* StartListView.swift */,
				68FC2562275E07770073979F /* NavigationListView.swift */,
				685ECB1026EE611000A3B184 /* SidebarPageView.swift */,
			);
			path = Sidebar;
			sourceTree = "<group>";
		};
		68FC2567275E0D820073979F /* Pages */ = {
			isa = PBXGroup;
			children = (
				68C413452472773100D1DC7B /* PageView.swift */,
				68FC2558275C16CB0073979F /* GadgetsView.swift */,
				68C4134A24727F2B00D1DC7B /* GadgetView.swift */,
				687D9CB724A9CA2A00EB7F46 /* GadgetItemView.swift */,
				68FC255C275C172F0073979F /* ShowcaseView.swift */,
				683041B527543CE900BE7631 /* ShowcaseSectionView.swift */,
				68FC255A275C16F20073979F /* BlendView.swift */,
				688FD917247750350006A2DE /* PageSettingsView.swift */,
			);
			path = Pages;
			sourceTree = "<group>";
		};
/* End PBXGroup section */

/* Begin PBXNativeTarget section */
		6813FD072748DE1100EC88A5 /* SymbolLibrary */ = {
			isa = PBXNativeTarget;
			buildConfigurationList = 6813FD0C2748DE1100EC88A5 /* Build configuration list for PBXNativeTarget "SymbolLibrary" */;
			buildPhases = (
				6813FD042748DE1100EC88A5 /* Sources */,
				6813FD052748DE1100EC88A5 /* Frameworks */,
				6813FD062748DE1100EC88A5 /* CopyFiles */,
			);
			buildRules = (
			);
			dependencies = (
			);
			name = SymbolLibrary;
			productName = DenSymbolLib;
			productReference = 6813FD082748DE1100EC88A5 /* SymbolLibrary */;
			productType = "com.apple.product-type.tool";
		};
		689EDC0826A3F46A0055811A /* DenScreenshots */ = {
			isa = PBXNativeTarget;
			buildConfigurationList = 689EDC1026A3F46A0055811A /* Build configuration list for PBXNativeTarget "DenScreenshots" */;
			buildPhases = (
				689EDC0526A3F46A0055811A /* Sources */,
				689EDC0626A3F46A0055811A /* Frameworks */,
				689EDC0726A3F46A0055811A /* Resources */,
			);
			buildRules = (
			);
			dependencies = (
				689EDC0F26A3F46A0055811A /* PBXTargetDependency */,
			);
			name = DenScreenshots;
			productName = DenScreenshots;
			productReference = 689EDC0926A3F46A0055811A /* DenScreenshots.xctest */;
			productType = "com.apple.product-type.bundle.ui-testing";
		};
		68C41308247263C700D1DC7B /* Den */ = {
			isa = PBXNativeTarget;
			buildConfigurationList = 68C41338247263C700D1DC7B /* Build configuration list for PBXNativeTarget "Den" */;
			buildPhases = (
				68C41305247263C700D1DC7B /* Sources */,
				68C41306247263C700D1DC7B /* Frameworks */,
				68C41307247263C700D1DC7B /* Resources */,
				689EDC00269BD4680055811A /* ShellScript */,
			);
			buildRules = (
			);
			dependencies = (
			);
			name = Den;
			packageProductDependencies = (
				68B34A6B24880ADE0066B215 /* AEXML */,
				6897D52526B91C0100833DDA /* HTMLEntities */,
				6897D52B26B91C3C00833DDA /* SwiftSoup */,
				6897D52E26B91C5800833DDA /* FeedKit */,
			);
			productName = Den;
			productReference = 68C41309247263C700D1DC7B /* Den.app */;
			productType = "com.apple.product-type.application";
		};
		68C41323247263C700D1DC7B /* DenTests */ = {
			isa = PBXNativeTarget;
			buildConfigurationList = 68C4133B247263C700D1DC7B /* Build configuration list for PBXNativeTarget "DenTests" */;
			buildPhases = (
				68C41320247263C700D1DC7B /* Sources */,
				68C41321247263C700D1DC7B /* Frameworks */,
				68C41322247263C700D1DC7B /* Resources */,
			);
			buildRules = (
			);
			dependencies = (
				68C41326247263C700D1DC7B /* PBXTargetDependency */,
			);
			name = DenTests;
			productName = DenTests;
			productReference = 68C41324247263C700D1DC7B /* DenTests.xctest */;
			productType = "com.apple.product-type.bundle.unit-test";
		};
		68C4132E247263C700D1DC7B /* DenUITests */ = {
			isa = PBXNativeTarget;
			buildConfigurationList = 68C4133E247263C700D1DC7B /* Build configuration list for PBXNativeTarget "DenUITests" */;
			buildPhases = (
				68C4132B247263C700D1DC7B /* Sources */,
				68C4132C247263C700D1DC7B /* Frameworks */,
				68C4132D247263C700D1DC7B /* Resources */,
			);
			buildRules = (
			);
			dependencies = (
				68C41331247263C700D1DC7B /* PBXTargetDependency */,
			);
			name = DenUITests;
			productName = DenUITests;
			productReference = 68C4132F247263C700D1DC7B /* DenUITests.xctest */;
			productType = "com.apple.product-type.bundle.ui-testing";
		};
/* End PBXNativeTarget section */

/* Begin PBXProject section */
		68C41301247263C700D1DC7B /* Project object */ = {
			isa = PBXProject;
			attributes = {
				LastSwiftUpdateCheck = 1310;
				LastUpgradeCheck = 1310;
				ORGANIZATIONNAME = "Garrett Johnson";
				TargetAttributes = {
					6813FD072748DE1100EC88A5 = {
						CreatedOnToolsVersion = 13.1;
					};
					689EDC0826A3F46A0055811A = {
						CreatedOnToolsVersion = 12.5.1;
						TestTargetID = 68C41308247263C700D1DC7B;
					};
					68C41308247263C700D1DC7B = {
						CreatedOnToolsVersion = 11.4.1;
					};
					68C41323247263C700D1DC7B = {
						CreatedOnToolsVersion = 11.4.1;
						TestTargetID = 68C41308247263C700D1DC7B;
					};
					68C4132E247263C700D1DC7B = {
						CreatedOnToolsVersion = 11.4.1;
						TestTargetID = 68C41308247263C700D1DC7B;
					};
				};
			};
			buildConfigurationList = 68C41304247263C700D1DC7B /* Build configuration list for PBXProject "Den" */;
			compatibilityVersion = "Xcode 9.3";
			developmentRegion = en;
			hasScannedForEncodings = 0;
			knownRegions = (
				en,
				Base,
			);
			mainGroup = 68C41300247263C700D1DC7B;
			packageReferences = (
				68B34A6A24880ADE0066B215 /* XCRemoteSwiftPackageReference "AEXML" */,
				6897D52426B91C0100833DDA /* XCRemoteSwiftPackageReference "swift-html-entities" */,
				6897D52A26B91C3C00833DDA /* XCRemoteSwiftPackageReference "SwiftSoup" */,
				6897D52D26B91C5800833DDA /* XCRemoteSwiftPackageReference "FeedKit" */,
			);
			productRefGroup = 68C4130A247263C700D1DC7B /* Products */;
			projectDirPath = "";
			projectRoot = "";
			targets = (
				68C41308247263C700D1DC7B /* Den */,
				68C41323247263C700D1DC7B /* DenTests */,
				68C4132E247263C700D1DC7B /* DenUITests */,
				689EDC0826A3F46A0055811A /* DenScreenshots */,
				6813FD072748DE1100EC88A5 /* SymbolLibrary */,
			);
		};
/* End PBXProject section */

/* Begin PBXResourcesBuildPhase section */
		689EDC0726A3F46A0055811A /* Resources */ = {
			isa = PBXResourcesBuildPhase;
			buildActionMask = 2147483647;
			files = (
			);
			runOnlyForDeploymentPostprocessing = 0;
		};
		68C41307247263C700D1DC7B /* Resources */ = {
			isa = PBXResourcesBuildPhase;
			buildActionMask = 2147483647;
			files = (
				68654531274AC3B600BAE03E /* PageSymbols.plist in Resources */,
				6865453E274ACD1500BAE03E /* VeronicaScript.otf in Resources */,
				6880E1EB26B4615500A8E3E8 /* screenshots.sh in Resources */,
				6845BD0E24EFB2AC0008B296 /* .gitignore in Resources */,
				68C4131E247263C700D1DC7B /* LaunchScreen.storyboard in Resources */,
				68D58E6B2498481A007ED1AC /* OPMLIcon.png in Resources */,
				6845BD1124EFB8AD0008B296 /* Demo.opml in Resources */,
				6865453F274ACD1500BAE03E /* Monotype Font Software End User License Agreement.html in Resources */,
				68C4131B247263C700D1DC7B /* Preview Assets.xcassets in Resources */,
				68654540274ACD1500BAE03E /* FONT SOFTWARE FOR MOBILE APPLICATIONS END USER LICENSE AGREEMENT.html in Resources */,
				6845BCFE24EC00DA0008B296 /* FeedIcon.png in Resources */,
				68C41318247263C700D1DC7B /* Assets.xcassets in Resources */,
			);
			runOnlyForDeploymentPostprocessing = 0;
		};
		68C41322247263C700D1DC7B /* Resources */ = {
			isa = PBXResourcesBuildPhase;
			buildActionMask = 2147483647;
			files = (
			);
			runOnlyForDeploymentPostprocessing = 0;
		};
		68C4132D247263C700D1DC7B /* Resources */ = {
			isa = PBXResourcesBuildPhase;
			buildActionMask = 2147483647;
			files = (
			);
			runOnlyForDeploymentPostprocessing = 0;
		};
/* End PBXResourcesBuildPhase section */

/* Begin PBXShellScriptBuildPhase section */
		689EDC00269BD4680055811A /* ShellScript */ = {
			isa = PBXShellScriptBuildPhase;
			buildActionMask = 2147483647;
			files = (
			);
			inputFileListPaths = (
			);
			inputPaths = (
			);
			outputFileListPaths = (
			);
			outputPaths = (
			);
			runOnlyForDeploymentPostprocessing = 0;
			shellPath = /bin/sh;
			shellScript = "if which swiftlint >/dev/null; then\n  swiftlint autocorrect && swiftlint\nelse\n  echo \"warning: SwiftLint not installed, download from https://github.com/realm/SwiftLint\"\nfi\n";
		};
/* End PBXShellScriptBuildPhase section */

/* Begin PBXSourcesBuildPhase section */
		6813FD042748DE1100EC88A5 /* Sources */ = {
			isa = PBXSourcesBuildPhase;
			buildActionMask = 2147483647;
			files = (
				6813FD0B2748DE1100EC88A5 /* main.swift in Sources */,
			);
			runOnlyForDeploymentPostprocessing = 0;
		};
		689EDC0526A3F46A0055811A /* Sources */ = {
			isa = PBXSourcesBuildPhase;
			buildActionMask = 2147483647;
			files = (
				6880E1E726B450B900A8E3E8 /* MacScreenshots.swift in Sources */,
				6880E1E926B4591900A8E3E8 /* ScreenshotTestCase.swift in Sources */,
				689EDC0C26A3F46A0055811A /* PhoneScreenshots.swift in Sources */,
				6880E1E526B4508A00A8E3E8 /* PadScreenshots.swift in Sources */,
			);
			runOnlyForDeploymentPostprocessing = 0;
		};
		68C41305247263C700D1DC7B /* Sources */ = {
			isa = PBXSourcesBuildPhase;
			buildActionMask = 2147483647;
			files = (
				68C413442472761D00D1DC7B /* SidebarView.swift in Sources */,
				685637282793C879000AE604 /* RegularButtonStyle.swift in Sources */,
				68701DF5273E4F2B00C6BB69 /* RefreshManager.swift in Sources */,
				68B34A5E2486D2AD0066B215 /* ImportView.swift in Sources */,
				6845BD5024F6A4080008B296 /* SaveFeedOperation.swift in Sources */,
				6885C42226D37259002C41B0 /* FeedTitleLabelView.swift in Sources */,
				684DFA0524BC39EB0023D6DB /* RefreshableScrollView.swift in Sources */,
				68915AFC2618CF6D00E4C0CB /* WorkingItem.swift in Sources */,
				6813FCF82746436900EC88A5 /* AxisGeometryReader.swift in Sources */,
				683CEC60250966410005F305 /* Bundle+Extensions.swift in Sources */,
				6809EFD524DDEEF7007B5CF1 /* SaveFaviconOperation.swift in Sources */,
				683041B627543CE900BE7631 /* ShowcaseSectionView.swift in Sources */,
				689C736226E569D1009AAD2F /* SubscribeViewModel.swift in Sources */,
				687F488E2690819F00EA2498 /* View+Extensions.swift in Sources */,
				683041BA27543E9800BE7631 /* PageViewModel.swift in Sources */,
				6845BD0624EDCB9C0008B296 /* ImportViewModel.swift in Sources */,
				6885C42626D4D385002C41B0 /* FeedCheckOperation.swift in Sources */,
				68EA52442688528E00B7C8E5 /* Profile+CoreDataClass.swift in Sources */,
				68D486BE26C9896300AF5B59 /* IconPickerView.swift in Sources */,
				68FC25552758B2250073979F /* FeedUnavailableView.swift in Sources */,
				68FC256B2763626B0073979F /* FeedRefreshedLabelView.swift in Sources */,
				6845BCF624EBE49A0008B296 /* JSONFeed+Extensions.swift in Sources */,
				689460842596A7BB00ED4064 /* PersistenceManager.swift in Sources */,
				689C735E26DC392B009AAD2F /* MacButtonStyleModifier.swift in Sources */,
				687D9CDD24B3E31400EB7F46 /* MetadataOperation.swift in Sources */,
				6832AF2E278BA6A800CFC8CA /* SearchResultsView.swift in Sources */,
				68B34A672487ED870066B215 /* ExportView.swift in Sources */,
				680E57EA24D29F2200196F6D /* Item+CoreDataClass.swift in Sources */,
				68710C55259825BA007B2507 /* AppDelegate.swift in Sources */,
				68FC2561275E00F00073979F /* StartListView.swift in Sources */,
				683041BE275470E300BE7631 /* ProfileViewModel.swift in Sources */,
				681E6F132741AD8F00C74590 /* FormRowModifier.swift in Sources */,
				68FC2563275E07770073979F /* NavigationListView.swift in Sources */,
				68E4274326D2C2BB00E496E3 /* SecurityCheckView.swift in Sources */,
				68FC255B275C16F20073979F /* BlendView.swift in Sources */,
				68701DF9273E559C00C6BB69 /* ProfileManager.swift in Sources */,
				684DFA0324BAC7680023D6DB /* MIMETypes.swift in Sources */,
				685ECB1126EE611000A3B184 /* SidebarPageView.swift in Sources */,
				68C413462472773100D1DC7B /* PageView.swift in Sources */,
				6887D40925B35B83004A170D /* History+CoreDataClass.swift in Sources */,
				68FC256D276381FD0073979F /* HostingWindowFinder.swift in Sources */,
				6845BCF424EBE4750008B296 /* AtomFeed+Extensions.swift in Sources */,
				683041B02754199A00BE7631 /* GroupBlockModifier.swift in Sources */,
				686C384227405FA900662D84 /* Notification+Extensions.swift in Sources */,
				6808F4442737B31E00AEEDAC /* IconProgressStyle.swift in Sources */,
				68D58E6924955321007ED1AC /* OPMLReader.swift in Sources */,
				689460852596A7BB00ED4064 /* DenApp.swift in Sources */,
				6845BCF224EBE45A0008B296 /* JSONFeedItem+Extensions.swift in Sources */,
				68710CB8259F8C8A007B2507 /* Logger+Extensions.swift in Sources */,
				6832AF2C278B889300CFC8CA /* StatusBoxView.swift in Sources */,
				682C78B327969D1A00004102 /* ToolbarLabelStyle.swift in Sources */,
				6832AF2A278AAB5A00CFC8CA /* SettingsViewModel.swift in Sources */,
				6885C42A26D77F77002C41B0 /* UIImage+Extensions.swift in Sources */,
				68B34A69248801660066B215 /* ExportDocumentPicker.swift in Sources */,
				68701DE1273BAEB700C6BB69 /* SectionHeaderModifier.swift in Sources */,
				6885FD0E24819446007A3D5B /* ItemButtonStyle.swift in Sources */,
				689EDBFA269B97E30055811A /* AccentButtonStyle.swift in Sources */,
				687D9CB824A9CA2A00EB7F46 /* GadgetItemView.swift in Sources */,
				68915B232623273600E4C0CB /* DownloadItemImagesOperation.swift in Sources */,
				68FC256F27640AA00073979F /* ItemPreviewView.swift in Sources */,
				68D58E65249274D0007ED1AC /* HTMLCleaner.swift in Sources */,
				684D5A44249BC0CB00EACCC9 /* ImportDocumentPicker.swift in Sources */,
				68998B892504DDEC00FDB6EE /* SearchResultView.swift in Sources */,
				6832AF262789419700CFC8CA /* ProfileView.swift in Sources */,
				68915B1E261C253E00E4C0CB /* SaveItemImageOperation.swift in Sources */,
				6809EFCB24DD3B39007B5CF1 /* FeedKitFeed+Extensions.swift in Sources */,
				68C41316247263C700D1DC7B /* ContentView.swift in Sources */,
				687D9CC624AE38BD00EB7F46 /* DataTaskOperation.swift in Sources */,
				68ADABC324A21F2500BE41E2 /* WelcomeView.swift in Sources */,
				68701DF1273E471F00C6BB69 /* ToolbarProgressStyle.swift in Sources */,
				687D9CB024A8CABD00EB7F46 /* OPMLWriter.swift in Sources */,
				683041B827543E0400BE7631 /* FeedViewModel.swift in Sources */,
				687C27982634A89A00099FCA /* ShakeModifier.swift in Sources */,
				688FD931247A34830006A2DE /* FeedSettingsView.swift in Sources */,
				68701DE3273BD42D00C6BB69 /* FeedView.swift in Sources */,
				680E57E624D29F2200196F6D /* Page+CoreDataClass.swift in Sources */,
				68FC255D275C172F0073979F /* ShowcaseView.swift in Sources */,
				6887D41C25B6D016004A170D /* Feed+CoreDataClass.swift in Sources */,
				68998B852504C87400FDB6EE /* SearchView.swift in Sources */,
				687F4890269165EE00EA2498 /* CrashMessageView.swift in Sources */,
				6845BD5824F90F450008B296 /* String+Extensions.swift in Sources */,
				68D345952658D0610080783F /* HistoryView.swift in Sources */,
				68B34A612487C50A0066B215 /* DateFormatter+Extensions.swift in Sources */,
				68C4134B24727F2B00D1DC7B /* GadgetView.swift in Sources */,
				684DFA0124B6515A0023D6DB /* AtomFeedEntry+Extensions.swift in Sources */,
				68701DDF273A6DC100C6BB69 /* ExportViewModel.swift in Sources */,
				6845BCF824EBE4AD0008B296 /* RSSFeed+Extensions.swift in Sources */,
				687D9CD924B38FF100EB7F46 /* AsynchronousOperation.swift in Sources */,
				688FD918247750350006A2DE /* PageSettingsView.swift in Sources */,
				6809EFCD24DD49C9007B5CF1 /* ParseFeedDataOperation.swift in Sources */,
				68701DF3273E4CEF00C6BB69 /* FeedTitleButtonStyle.swift in Sources */,
				68701E01273E6A5400C6BB69 /* SubscriptionManager.swift in Sources */,
				68C4138224733D7D00D1DC7B /* SubscribeView.swift in Sources */,
				68FC2559275C16CB0073979F /* GadgetsView.swift in Sources */,
				6865452E274AAB2A00BAE03E /* TitleTextFieldModifier.swift in Sources */,
				68C41310247263C700D1DC7B /* Den.xcdatamodeld in Sources */,
				68701E03273E76D800C6BB69 /* ThemeManager.swift in Sources */,
				6885C42426D4CBB4002C41B0 /* SecurityCheckViewModel.swift in Sources */,
				683041B227542E2000BE7631 /* BoardView.swift in Sources */,
				68915B012618CF7B00E4C0CB /* WorkingFeedData.swift in Sources */,
				680E57E824D29F2200196F6D /* FeedData+CoreDataClass.swift in Sources */,
				68701DF7273E51AC00C6BB69 /* CrashManager.swift in Sources */,
				68701DFB273E57DB00C6BB69 /* LinkManager.swift in Sources */,
				68C4FA262474927800D2C0D6 /* SettingsView.swift in Sources */,
				687C27792631F6A000099FCA /* FileManager+Extensions.swift in Sources */,
				6809EFDB24DF27E8007B5CF1 /* CacheManager.swift in Sources */,
				689EDC02269BD6C80055811A /* RefreshPlan.swift in Sources */,
				684DF9FF24B64AC20023D6DB /* RSSFeedItem+Extensions.swift in Sources */,
				68FC255F275DFFCC0073979F /* StartRowModifier.swift in Sources */,
				68FC25712764B1150073979F /* RingProgressStyle.swift in Sources */,
				6865452C274A288A00BAE03E /* PinnedSectionHeaderModifier.swift in Sources */,
			);
			runOnlyForDeploymentPostprocessing = 0;
		};
		68C41320247263C700D1DC7B /* Sources */ = {
			isa = PBXSourcesBuildPhase;
			buildActionMask = 2147483647;
			files = (
				68C41329247263C700D1DC7B /* DenTests.swift in Sources */,
			);
			runOnlyForDeploymentPostprocessing = 0;
		};
		68C4132B247263C700D1DC7B /* Sources */ = {
			isa = PBXSourcesBuildPhase;
			buildActionMask = 2147483647;
			files = (
				68C41334247263C700D1DC7B /* DenUITests.swift in Sources */,
			);
			runOnlyForDeploymentPostprocessing = 0;
		};
/* End PBXSourcesBuildPhase section */

/* Begin PBXTargetDependency section */
		689EDC0F26A3F46A0055811A /* PBXTargetDependency */ = {
			isa = PBXTargetDependency;
			target = 68C41308247263C700D1DC7B /* Den */;
			targetProxy = 689EDC0E26A3F46A0055811A /* PBXContainerItemProxy */;
		};
		68C41326247263C700D1DC7B /* PBXTargetDependency */ = {
			isa = PBXTargetDependency;
			target = 68C41308247263C700D1DC7B /* Den */;
			targetProxy = 68C41325247263C700D1DC7B /* PBXContainerItemProxy */;
		};
		68C41331247263C700D1DC7B /* PBXTargetDependency */ = {
			isa = PBXTargetDependency;
			target = 68C41308247263C700D1DC7B /* Den */;
			targetProxy = 68C41330247263C700D1DC7B /* PBXContainerItemProxy */;
		};
/* End PBXTargetDependency section */

/* Begin PBXVariantGroup section */
		68C4131C247263C700D1DC7B /* LaunchScreen.storyboard */ = {
			isa = PBXVariantGroup;
			children = (
				68C4131D247263C700D1DC7B /* Base */,
			);
			name = LaunchScreen.storyboard;
			sourceTree = "<group>";
		};
/* End PBXVariantGroup section */

/* Begin XCBuildConfiguration section */
		6813FD0D2748DE1100EC88A5 /* Debug */ = {
			isa = XCBuildConfiguration;
			buildSettings = {
				CLANG_CXX_LANGUAGE_STANDARD = "gnu++17";
				CODE_SIGN_IDENTITY = "-";
				CODE_SIGN_STYLE = Manual;
				DEVELOPMENT_TEAM = "";
				ENABLE_HARDENED_RUNTIME = YES;
				MACOSX_DEPLOYMENT_TARGET = 12.0;
				PRODUCT_NAME = "$(TARGET_NAME)";
				PROVISIONING_PROFILE_SPECIFIER = "";
				SDKROOT = macosx;
				SWIFT_VERSION = 5.0;
			};
			name = Debug;
		};
		6813FD0E2748DE1100EC88A5 /* Release */ = {
			isa = XCBuildConfiguration;
			buildSettings = {
				CLANG_CXX_LANGUAGE_STANDARD = "gnu++17";
				CODE_SIGN_IDENTITY = "-";
				CODE_SIGN_STYLE = Manual;
				DEVELOPMENT_TEAM = "";
				ENABLE_HARDENED_RUNTIME = YES;
				MACOSX_DEPLOYMENT_TARGET = 12.0;
				PRODUCT_NAME = "$(TARGET_NAME)";
				PROVISIONING_PROFILE_SPECIFIER = "";
				SDKROOT = macosx;
				SWIFT_VERSION = 5.0;
			};
			name = Release;
		};
		689EDC1126A3F46A0055811A /* Debug */ = {
			isa = XCBuildConfiguration;
			buildSettings = {
				CODE_SIGN_STYLE = Automatic;
				DEVELOPMENT_TEAM = N7TC759VWV;
				INFOPLIST_FILE = DenScreenshots/Info.plist;
				IPHONEOS_DEPLOYMENT_TARGET = "$(inherited)";
				LD_RUNPATH_SEARCH_PATHS = (
					"$(inherited)",
					"@executable_path/Frameworks",
					"@loader_path/Frameworks",
				);
				PRODUCT_BUNDLE_IDENTIFIER = devsci.net.DenScreenshots;
				PRODUCT_NAME = "$(TARGET_NAME)";
				SWIFT_VERSION = 5.0;
				TARGETED_DEVICE_FAMILY = "1,2";
				TEST_TARGET_NAME = Den;
			};
			name = Debug;
		};
		689EDC1226A3F46A0055811A /* Release */ = {
			isa = XCBuildConfiguration;
			buildSettings = {
				CODE_SIGN_STYLE = Automatic;
				DEVELOPMENT_TEAM = N7TC759VWV;
				INFOPLIST_FILE = DenScreenshots/Info.plist;
				IPHONEOS_DEPLOYMENT_TARGET = "$(inherited)";
				LD_RUNPATH_SEARCH_PATHS = (
					"$(inherited)",
					"@executable_path/Frameworks",
					"@loader_path/Frameworks",
				);
				PRODUCT_BUNDLE_IDENTIFIER = devsci.net.DenScreenshots;
				PRODUCT_NAME = "$(TARGET_NAME)";
				SWIFT_VERSION = 5.0;
				TARGETED_DEVICE_FAMILY = "1,2";
				TEST_TARGET_NAME = Den;
			};
			name = Release;
		};
		68C41336247263C700D1DC7B /* Debug */ = {
			isa = XCBuildConfiguration;
			buildSettings = {
				ALWAYS_SEARCH_USER_PATHS = NO;
				CLANG_ANALYZER_NONNULL = YES;
				CLANG_ANALYZER_NUMBER_OBJECT_CONVERSION = YES_AGGRESSIVE;
				CLANG_CXX_LANGUAGE_STANDARD = "gnu++14";
				CLANG_CXX_LIBRARY = "libc++";
				CLANG_ENABLE_MODULES = YES;
				CLANG_ENABLE_OBJC_ARC = YES;
				CLANG_ENABLE_OBJC_WEAK = YES;
				CLANG_WARN_BLOCK_CAPTURE_AUTORELEASING = YES;
				CLANG_WARN_BOOL_CONVERSION = YES;
				CLANG_WARN_COMMA = YES;
				CLANG_WARN_CONSTANT_CONVERSION = YES;
				CLANG_WARN_DEPRECATED_OBJC_IMPLEMENTATIONS = YES;
				CLANG_WARN_DIRECT_OBJC_ISA_USAGE = YES_ERROR;
				CLANG_WARN_DOCUMENTATION_COMMENTS = YES;
				CLANG_WARN_EMPTY_BODY = YES;
				CLANG_WARN_ENUM_CONVERSION = YES;
				CLANG_WARN_INFINITE_RECURSION = YES;
				CLANG_WARN_INT_CONVERSION = YES;
				CLANG_WARN_NON_LITERAL_NULL_CONVERSION = YES;
				CLANG_WARN_OBJC_IMPLICIT_RETAIN_SELF = YES;
				CLANG_WARN_OBJC_LITERAL_CONVERSION = YES;
				CLANG_WARN_OBJC_ROOT_CLASS = YES_ERROR;
				CLANG_WARN_QUOTED_INCLUDE_IN_FRAMEWORK_HEADER = YES;
				CLANG_WARN_RANGE_LOOP_ANALYSIS = YES;
				CLANG_WARN_STRICT_PROTOTYPES = YES;
				CLANG_WARN_SUSPICIOUS_MOVE = YES;
				CLANG_WARN_UNGUARDED_AVAILABILITY = YES_AGGRESSIVE;
				CLANG_WARN_UNREACHABLE_CODE = YES;
				CLANG_WARN__DUPLICATE_METHOD_MATCH = YES;
				COPY_PHASE_STRIP = NO;
				DEBUG_INFORMATION_FORMAT = dwarf;
				ENABLE_STRICT_OBJC_MSGSEND = YES;
				ENABLE_TESTABILITY = YES;
				GCC_C_LANGUAGE_STANDARD = gnu11;
				GCC_DYNAMIC_NO_PIC = NO;
				GCC_NO_COMMON_BLOCKS = YES;
				GCC_OPTIMIZATION_LEVEL = 0;
				GCC_PREPROCESSOR_DEFINITIONS = (
					"DEBUG=1",
					"$(inherited)",
				);
				GCC_WARN_64_TO_32_BIT_CONVERSION = YES;
				GCC_WARN_ABOUT_RETURN_TYPE = YES_ERROR;
				GCC_WARN_UNDECLARED_SELECTOR = YES;
				GCC_WARN_UNINITIALIZED_AUTOS = YES_AGGRESSIVE;
				GCC_WARN_UNUSED_FUNCTION = YES;
				GCC_WARN_UNUSED_VARIABLE = YES;
				IPHONEOS_DEPLOYMENT_TARGET = 15.0;
				MTL_ENABLE_DEBUG_INFO = INCLUDE_SOURCE;
				MTL_FAST_MATH = YES;
				ONLY_ACTIVE_ARCH = YES;
				SDKROOT = iphoneos;
				SWIFT_ACTIVE_COMPILATION_CONDITIONS = DEBUG;
				SWIFT_OPTIMIZATION_LEVEL = "-Onone";
			};
			name = Debug;
		};
		68C41337247263C700D1DC7B /* Release */ = {
			isa = XCBuildConfiguration;
			buildSettings = {
				ALWAYS_SEARCH_USER_PATHS = NO;
				CLANG_ANALYZER_NONNULL = YES;
				CLANG_ANALYZER_NUMBER_OBJECT_CONVERSION = YES_AGGRESSIVE;
				CLANG_CXX_LANGUAGE_STANDARD = "gnu++14";
				CLANG_CXX_LIBRARY = "libc++";
				CLANG_ENABLE_MODULES = YES;
				CLANG_ENABLE_OBJC_ARC = YES;
				CLANG_ENABLE_OBJC_WEAK = YES;
				CLANG_WARN_BLOCK_CAPTURE_AUTORELEASING = YES;
				CLANG_WARN_BOOL_CONVERSION = YES;
				CLANG_WARN_COMMA = YES;
				CLANG_WARN_CONSTANT_CONVERSION = YES;
				CLANG_WARN_DEPRECATED_OBJC_IMPLEMENTATIONS = YES;
				CLANG_WARN_DIRECT_OBJC_ISA_USAGE = YES_ERROR;
				CLANG_WARN_DOCUMENTATION_COMMENTS = YES;
				CLANG_WARN_EMPTY_BODY = YES;
				CLANG_WARN_ENUM_CONVERSION = YES;
				CLANG_WARN_INFINITE_RECURSION = YES;
				CLANG_WARN_INT_CONVERSION = YES;
				CLANG_WARN_NON_LITERAL_NULL_CONVERSION = YES;
				CLANG_WARN_OBJC_IMPLICIT_RETAIN_SELF = YES;
				CLANG_WARN_OBJC_LITERAL_CONVERSION = YES;
				CLANG_WARN_OBJC_ROOT_CLASS = YES_ERROR;
				CLANG_WARN_QUOTED_INCLUDE_IN_FRAMEWORK_HEADER = YES;
				CLANG_WARN_RANGE_LOOP_ANALYSIS = YES;
				CLANG_WARN_STRICT_PROTOTYPES = YES;
				CLANG_WARN_SUSPICIOUS_MOVE = YES;
				CLANG_WARN_UNGUARDED_AVAILABILITY = YES_AGGRESSIVE;
				CLANG_WARN_UNREACHABLE_CODE = YES;
				CLANG_WARN__DUPLICATE_METHOD_MATCH = YES;
				COPY_PHASE_STRIP = NO;
				DEBUG_INFORMATION_FORMAT = "dwarf-with-dsym";
				ENABLE_NS_ASSERTIONS = NO;
				ENABLE_STRICT_OBJC_MSGSEND = YES;
				GCC_C_LANGUAGE_STANDARD = gnu11;
				GCC_NO_COMMON_BLOCKS = YES;
				GCC_WARN_64_TO_32_BIT_CONVERSION = YES;
				GCC_WARN_ABOUT_RETURN_TYPE = YES_ERROR;
				GCC_WARN_UNDECLARED_SELECTOR = YES;
				GCC_WARN_UNINITIALIZED_AUTOS = YES_AGGRESSIVE;
				GCC_WARN_UNUSED_FUNCTION = YES;
				GCC_WARN_UNUSED_VARIABLE = YES;
				IPHONEOS_DEPLOYMENT_TARGET = 15.0;
				MTL_ENABLE_DEBUG_INFO = NO;
				MTL_FAST_MATH = YES;
				SDKROOT = iphoneos;
				SWIFT_COMPILATION_MODE = wholemodule;
				SWIFT_OPTIMIZATION_LEVEL = "-O";
				VALIDATE_PRODUCT = YES;
			};
			name = Release;
		};
		68C41339247263C700D1DC7B /* Debug */ = {
			isa = XCBuildConfiguration;
			buildSettings = {
				ASSETCATALOG_COMPILER_APPICON_NAME = AppIcon;
				ASSETCATALOG_COMPILER_INCLUDE_ALL_APPICON_ASSETS = NO;
				CODE_SIGN_ENTITLEMENTS = Den/Den.entitlements;
				"CODE_SIGN_IDENTITY[sdk=macosx*]" = "Apple Development";
				CODE_SIGN_STYLE = Automatic;
				CURRENT_PROJECT_VERSION = 16;
				DEVELOPMENT_ASSET_PATHS = "\"Den/Preview Content\"";
				DEVELOPMENT_TEAM = N7TC759VWV;
				ENABLE_PREVIEWS = YES;
				INFOPLIST_FILE = Den/Info.plist;
				IPHONEOS_DEPLOYMENT_TARGET = 15.0;
				LD_RUNPATH_SEARCH_PATHS = (
					"$(inherited)",
					"@executable_path/Frameworks",
				);
				MARKETING_VERSION = 1.8.0;
				PRODUCT_BUNDLE_IDENTIFIER = net.devsci.den;
				PRODUCT_NAME = "$(TARGET_NAME)";
				SUPPORTS_MACCATALYST = YES;
				SUPPORTS_MAC_DESIGNED_FOR_IPHONE_IPAD = NO;
				SWIFT_VERSION = 5.0;
				TARGETED_DEVICE_FAMILY = "1,2,6";
			};
			name = Debug;
		};
		68C4133A247263C700D1DC7B /* Release */ = {
			isa = XCBuildConfiguration;
			buildSettings = {
				ASSETCATALOG_COMPILER_APPICON_NAME = AppIcon;
				ASSETCATALOG_COMPILER_INCLUDE_ALL_APPICON_ASSETS = NO;
				CODE_SIGN_ENTITLEMENTS = Den/Den.entitlements;
				"CODE_SIGN_IDENTITY[sdk=macosx*]" = "Apple Development";
				CODE_SIGN_STYLE = Automatic;
				CURRENT_PROJECT_VERSION = 16;
				DEVELOPMENT_ASSET_PATHS = "\"Den/Preview Content\"";
				DEVELOPMENT_TEAM = N7TC759VWV;
				ENABLE_PREVIEWS = YES;
				INFOPLIST_FILE = Den/Info.plist;
				IPHONEOS_DEPLOYMENT_TARGET = 15.0;
				LD_RUNPATH_SEARCH_PATHS = (
					"$(inherited)",
					"@executable_path/Frameworks",
				);
				MARKETING_VERSION = 1.8.0;
				PRODUCT_BUNDLE_IDENTIFIER = net.devsci.den;
				PRODUCT_NAME = "$(TARGET_NAME)";
				SUPPORTS_MACCATALYST = YES;
				SUPPORTS_MAC_DESIGNED_FOR_IPHONE_IPAD = NO;
				SWIFT_VERSION = 5.0;
				TARGETED_DEVICE_FAMILY = "1,2,6";
			};
			name = Release;
		};
		68C4133C247263C700D1DC7B /* Debug */ = {
			isa = XCBuildConfiguration;
			buildSettings = {
				ALWAYS_EMBED_SWIFT_STANDARD_LIBRARIES = YES;
				BUNDLE_LOADER = "$(TEST_HOST)";
				CODE_SIGN_STYLE = Automatic;
				DEVELOPMENT_TEAM = N7TC759VWV;
				INFOPLIST_FILE = DenTests/Info.plist;
				IPHONEOS_DEPLOYMENT_TARGET = "$(inherited)";
				LD_RUNPATH_SEARCH_PATHS = (
					"$(inherited)",
					"@executable_path/Frameworks",
					"@loader_path/Frameworks",
				);
				PRODUCT_BUNDLE_IDENTIFIER = net.devsci.DenTests;
				PRODUCT_NAME = "$(TARGET_NAME)";
				SWIFT_VERSION = 5.0;
				TARGETED_DEVICE_FAMILY = "1,2";
				TEST_HOST = "$(BUILT_PRODUCTS_DIR)/Den.app/Den";
			};
			name = Debug;
		};
		68C4133D247263C700D1DC7B /* Release */ = {
			isa = XCBuildConfiguration;
			buildSettings = {
				ALWAYS_EMBED_SWIFT_STANDARD_LIBRARIES = YES;
				BUNDLE_LOADER = "$(TEST_HOST)";
				CODE_SIGN_STYLE = Automatic;
				DEVELOPMENT_TEAM = N7TC759VWV;
				INFOPLIST_FILE = DenTests/Info.plist;
				IPHONEOS_DEPLOYMENT_TARGET = "$(inherited)";
				LD_RUNPATH_SEARCH_PATHS = (
					"$(inherited)",
					"@executable_path/Frameworks",
					"@loader_path/Frameworks",
				);
				PRODUCT_BUNDLE_IDENTIFIER = net.devsci.DenTests;
				PRODUCT_NAME = "$(TARGET_NAME)";
				SWIFT_VERSION = 5.0;
				TARGETED_DEVICE_FAMILY = "1,2";
				TEST_HOST = "$(BUILT_PRODUCTS_DIR)/Den.app/Den";
			};
			name = Release;
		};
		68C4133F247263C700D1DC7B /* Debug */ = {
			isa = XCBuildConfiguration;
			buildSettings = {
				ALWAYS_EMBED_SWIFT_STANDARD_LIBRARIES = YES;
				CODE_SIGN_STYLE = Automatic;
				DEVELOPMENT_TEAM = N7TC759VWV;
				INFOPLIST_FILE = DenUITests/Info.plist;
				IPHONEOS_DEPLOYMENT_TARGET = "$(inherited)";
				LD_RUNPATH_SEARCH_PATHS = (
					"$(inherited)",
					"@executable_path/Frameworks",
					"@loader_path/Frameworks",
				);
				PRODUCT_BUNDLE_IDENTIFIER = net.devsci.DenUITests;
				PRODUCT_NAME = "$(TARGET_NAME)";
				SWIFT_VERSION = 5.0;
				TARGETED_DEVICE_FAMILY = "1,2";
				TEST_TARGET_NAME = Den;
			};
			name = Debug;
		};
		68C41340247263C700D1DC7B /* Release */ = {
			isa = XCBuildConfiguration;
			buildSettings = {
				ALWAYS_EMBED_SWIFT_STANDARD_LIBRARIES = YES;
				CODE_SIGN_STYLE = Automatic;
				DEVELOPMENT_TEAM = N7TC759VWV;
				INFOPLIST_FILE = DenUITests/Info.plist;
				IPHONEOS_DEPLOYMENT_TARGET = "$(inherited)";
				LD_RUNPATH_SEARCH_PATHS = (
					"$(inherited)",
					"@executable_path/Frameworks",
					"@loader_path/Frameworks",
				);
				PRODUCT_BUNDLE_IDENTIFIER = net.devsci.DenUITests;
				PRODUCT_NAME = "$(TARGET_NAME)";
				SWIFT_VERSION = 5.0;
				TARGETED_DEVICE_FAMILY = "1,2";
				TEST_TARGET_NAME = Den;
			};
			name = Release;
		};
/* End XCBuildConfiguration section */

/* Begin XCConfigurationList section */
		6813FD0C2748DE1100EC88A5 /* Build configuration list for PBXNativeTarget "SymbolLibrary" */ = {
			isa = XCConfigurationList;
			buildConfigurations = (
				6813FD0D2748DE1100EC88A5 /* Debug */,
				6813FD0E2748DE1100EC88A5 /* Release */,
			);
			defaultConfigurationIsVisible = 0;
			defaultConfigurationName = Release;
		};
		689EDC1026A3F46A0055811A /* Build configuration list for PBXNativeTarget "DenScreenshots" */ = {
			isa = XCConfigurationList;
			buildConfigurations = (
				689EDC1126A3F46A0055811A /* Debug */,
				689EDC1226A3F46A0055811A /* Release */,
			);
			defaultConfigurationIsVisible = 0;
			defaultConfigurationName = Release;
		};
		68C41304247263C700D1DC7B /* Build configuration list for PBXProject "Den" */ = {
			isa = XCConfigurationList;
			buildConfigurations = (
				68C41336247263C700D1DC7B /* Debug */,
				68C41337247263C700D1DC7B /* Release */,
			);
			defaultConfigurationIsVisible = 0;
			defaultConfigurationName = Release;
		};
		68C41338247263C700D1DC7B /* Build configuration list for PBXNativeTarget "Den" */ = {
			isa = XCConfigurationList;
			buildConfigurations = (
				68C41339247263C700D1DC7B /* Debug */,
				68C4133A247263C700D1DC7B /* Release */,
			);
			defaultConfigurationIsVisible = 0;
			defaultConfigurationName = Release;
		};
		68C4133B247263C700D1DC7B /* Build configuration list for PBXNativeTarget "DenTests" */ = {
			isa = XCConfigurationList;
			buildConfigurations = (
				68C4133C247263C700D1DC7B /* Debug */,
				68C4133D247263C700D1DC7B /* Release */,
			);
			defaultConfigurationIsVisible = 0;
			defaultConfigurationName = Release;
		};
		68C4133E247263C700D1DC7B /* Build configuration list for PBXNativeTarget "DenUITests" */ = {
			isa = XCConfigurationList;
			buildConfigurations = (
				68C4133F247263C700D1DC7B /* Debug */,
				68C41340247263C700D1DC7B /* Release */,
			);
			defaultConfigurationIsVisible = 0;
			defaultConfigurationName = Release;
		};
/* End XCConfigurationList section */

/* Begin XCRemoteSwiftPackageReference section */
		6897D52426B91C0100833DDA /* XCRemoteSwiftPackageReference "swift-html-entities" */ = {
			isa = XCRemoteSwiftPackageReference;
			repositoryURL = "https://github.com/Kitura/swift-html-entities.git";
			requirement = {
				kind = upToNextMajorVersion;
				minimumVersion = 4.0.0;
			};
		};
		6897D52A26B91C3C00833DDA /* XCRemoteSwiftPackageReference "SwiftSoup" */ = {
			isa = XCRemoteSwiftPackageReference;
			repositoryURL = "https://github.com/scinfu/SwiftSoup.git";
			requirement = {
				kind = upToNextMajorVersion;
				minimumVersion = 2.3.6;
			};
		};
		6897D52D26B91C5800833DDA /* XCRemoteSwiftPackageReference "FeedKit" */ = {
			isa = XCRemoteSwiftPackageReference;
			repositoryURL = "https://github.com/nmdias/FeedKit.git";
			requirement = {
				kind = upToNextMajorVersion;
				minimumVersion = 9.1.2;
			};
		};
		68B34A6A24880ADE0066B215 /* XCRemoteSwiftPackageReference "AEXML" */ = {
			isa = XCRemoteSwiftPackageReference;
			repositoryURL = "https://github.com/tadija/AEXML.git";
			requirement = {
				kind = upToNextMajorVersion;
				minimumVersion = 4.5.0;
			};
		};
/* End XCRemoteSwiftPackageReference section */

/* Begin XCSwiftPackageProductDependency section */
		6897D52526B91C0100833DDA /* HTMLEntities */ = {
			isa = XCSwiftPackageProductDependency;
			package = 6897D52426B91C0100833DDA /* XCRemoteSwiftPackageReference "swift-html-entities" */;
			productName = HTMLEntities;
		};
		6897D52B26B91C3C00833DDA /* SwiftSoup */ = {
			isa = XCSwiftPackageProductDependency;
			package = 6897D52A26B91C3C00833DDA /* XCRemoteSwiftPackageReference "SwiftSoup" */;
			productName = SwiftSoup;
		};
		6897D52E26B91C5800833DDA /* FeedKit */ = {
			isa = XCSwiftPackageProductDependency;
			package = 6897D52D26B91C5800833DDA /* XCRemoteSwiftPackageReference "FeedKit" */;
			productName = FeedKit;
		};
		68B34A6B24880ADE0066B215 /* AEXML */ = {
			isa = XCSwiftPackageProductDependency;
			package = 68B34A6A24880ADE0066B215 /* XCRemoteSwiftPackageReference "AEXML" */;
			productName = AEXML;
		};
/* End XCSwiftPackageProductDependency section */

/* Begin XCVersionGroup section */
		68C4130E247263C700D1DC7B /* Den.xcdatamodeld */ = {
			isa = XCVersionGroup;
			children = (
				68C4130F247263C700D1DC7B /* Den.xcdatamodel */,
			);
			currentVersion = 68C4130F247263C700D1DC7B /* Den.xcdatamodel */;
			path = Den.xcdatamodeld;
			sourceTree = "<group>";
			versionGroupType = wrapper.xcdatamodel;
		};
/* End XCVersionGroup section */
	};
	rootObject = 68C41301247263C700D1DC7B /* Project object */;
}
