{
  "originHash" : "bdb1527119b6918fc6a25f8fd3a0c1e8c56f1d16ec302631bd301dd502370ade",
  "pins" : [
    {
      "identity" : "aexml",
      "kind" : "remoteSourceControl",
      "location" : "https://github.com/tadija/AEXML.git",
      "state" : {
        "revision" : "db806756c989760b35108146381535aec231092b",
        "version" : "4.7.0"
      }
    },
    {
      "identity" : "feedkit",
      "kind" : "remoteSourceControl",
      "location" : "https://github.com/garrettrayj/FeedKit",
      "state" : {
        "branch" : "master",
        "revision" : "a8e89a983ee49f24f6db88f47a5f67f6958aca63"
      }
    },
    {
      "identity" : "libwebp-xcode",
      "kind" : "remoteSourceControl",
      "location" : "https://github.com/SDWebImage/libwebp-Xcode.git",
      "state" : {
        "revision" : "b2b1d20a90b14d11f6ef4241da6b81c1d3f171e4",
        "version" : "1.3.2"
      }
    },
    {
      "identity" : "sdwebimage",
      "kind" : "remoteSourceControl",
      "location" : "https://github.com/SDWebImage/SDWebImage.git",
      "state" : {
        "revision" : "86e9185ef41c4238a93ad8efe61ddeb701e80bbf",
        "version" : "5.19.5"
      }
    },
    {
      "identity" : "sdwebimagesvgcoder",
      "kind" : "remoteSourceControl",
      "location" : "https://github.com/SDWebImage/SDWebImageSVGCoder",
      "state" : {
        "revision" : "950167445ab703740569869c8b7510efc9d09a26",
        "version" : "1.7.0"
      }
    },
    {
      "identity" : "sdwebimageswiftui",
      "kind" : "remoteSourceControl",
      "location" : "https://github.com/SDWebImage/SDWebImageSwiftUI",
      "state" : {
        "revision" : "5d462f7530677ae0c2b9510c26383aa25ba48751",
        "version" : "3.1.1"
      }
    },
    {
      "identity" : "sdwebimagewebpcoder",
      "kind" : "remoteSourceControl",
      "location" : "https://github.com/SDWebImage/SDWebImageWebPCoder",
      "state" : {
        "revision" : "f534cfe830a7807ecc3d0332127a502426cfa067",
        "version" : "0.14.6"
      }
    },
    {
      "identity" : "swift-argument-parser",
      "kind" : "remoteSourceControl",
      "location" : "https://github.com/apple/swift-argument-parser",
      "state" : {
        "revision" : "41982a3656a71c768319979febd796c6fd111d5c",
        "version" : "1.5.0"
      }
    },
    {
      "identity" : "swift-html-entities",
      "kind" : "remoteSourceControl",
      "location" : "https://github.com/Kitura/swift-html-entities.git",
      "state" : {
        "revision" : "d8ca73197f59ce260c71bd6d7f6eb8bbdccf508b",
        "version" : "4.0.1"
      }
    },
    {
      "identity" : "swift-package-list",
      "kind" : "remoteSourceControl",
      "location" : "https://github.com/FelixHerrmann/swift-package-list",
      "state" : {
        "revision" : "01f2e9860c122dd8c3ae2a7e642b85bbb053efe3",
        "version" : "4.2.0"
      }
    },
    {
      "identity" : "swiftlintplugins",
      "kind" : "remoteSourceControl",
      "location" : "https://github.com/SimplyDanny/SwiftLintPlugins",
      "state" : {
        "revision" : "b8431a26655378581890d56b95a0b59aba9f62da",
        "version" : "0.55.1"
      }
    },
    {
      "identity" : "swiftsoup",
      "kind" : "remoteSourceControl",
      "location" : "https://github.com/scinfu/SwiftSoup.git",
      "state" : {
        "revision" : "e2d11208519549c2e5798d70190472045633f22f",
        "version" : "2.7.3"
      }
    }
  ],
  "version" : 3
}
